// !$*UTF8*$!
{
	archiveVersion = 1;
	classes = {
	};
	objectVersion = 46;
	objects = {

/* Begin PBXBuildFile section */
		B91FBA2E1994A80500927D55 /* Foundation.framework in Frameworks */ = {isa = PBXBuildFile; fileRef = B91FBA2D1994A80500927D55 /* Foundation.framework */; };
		B91FBA331994A80500927D55 /* HDKit.h in CopyFiles */ = {isa = PBXBuildFile; fileRef = B91FBA321994A80500927D55 /* HDKit.h */; };
		B91FBA351994A80500927D55 /* HDKit.m in Sources */ = {isa = PBXBuildFile; fileRef = B91FBA341994A80500927D55 /* HDKit.m */; };
		B91FBA3C1994A80500927D55 /* XCTest.framework in Frameworks */ = {isa = PBXBuildFile; fileRef = B91FBA3B1994A80500927D55 /* XCTest.framework */; };
		B91FBA3D1994A80500927D55 /* Foundation.framework in Frameworks */ = {isa = PBXBuildFile; fileRef = B91FBA2D1994A80500927D55 /* Foundation.framework */; };
		B91FBA3F1994A80500927D55 /* UIKit.framework in Frameworks */ = {isa = PBXBuildFile; fileRef = B91FBA3E1994A80500927D55 /* UIKit.framework */; };
		B91FBA421994A80500927D55 /* libHDKit.a in Frameworks */ = {isa = PBXBuildFile; fileRef = B91FBA2A1994A80500927D55 /* libHDKit.a */; };
		B91FBA481994A80500927D55 /* InfoPlist.strings in Resources */ = {isa = PBXBuildFile; fileRef = B91FBA461994A80500927D55 /* InfoPlist.strings */; };
		B91FBA4A1994A80500927D55 /* HDKitTests.m in Sources */ = {isa = PBXBuildFile; fileRef = B91FBA491994A80500927D55 /* HDKitTests.m */; };
		B91FBA611994ADFA00927D55 /* UIImage+SnapShot.m in Sources */ = {isa = PBXBuildFile; fileRef = B91FBA601994ADFA00927D55 /* UIImage+SnapShot.m */; };
		B91FBA631994AE3200927D55 /* UIKit.framework in Frameworks */ = {isa = PBXBuildFile; fileRef = B91FBA621994AE3200927D55 /* UIKit.framework */; };
		B91FBA661994AEF400927D55 /* UIView+FrameShorCut.m in Sources */ = {isa = PBXBuildFile; fileRef = B91FBA651994AEF400927D55 /* UIView+FrameShorCut.m */; };
/* End PBXBuildFile section */

/* Begin PBXContainerItemProxy section */
		B91FBA401994A80500927D55 /* PBXContainerItemProxy */ = {
			isa = PBXContainerItemProxy;
			containerPortal = B91FBA221994A80500927D55 /* Project object */;
			proxyType = 1;
			remoteGlobalIDString = B91FBA291994A80500927D55;
			remoteInfo = HDKit;
		};
/* End PBXContainerItemProxy section */

/* Begin PBXCopyFilesBuildPhase section */
		B91FBA281994A80500927D55 /* CopyFiles */ = {
			isa = PBXCopyFilesBuildPhase;
			buildActionMask = 2147483647;
			dstPath = "include/$(PRODUCT_NAME)";
			dstSubfolderSpec = 16;
			files = (
				B91FBA331994A80500927D55 /* HDKit.h in CopyFiles */,
			);
			runOnlyForDeploymentPostprocessing = 0;
		};
/* End PBXCopyFilesBuildPhase section */

/* Begin PBXFileReference section */
		B91FBA2A1994A80500927D55 /* libHDKit.a */ = {isa = PBXFileReference; explicitFileType = archive.ar; includeInIndex = 0; path = libHDKit.a; sourceTree = BUILT_PRODUCTS_DIR; };
		B91FBA2D1994A80500927D55 /* Foundation.framework */ = {isa = PBXFileReference; lastKnownFileType = wrapper.framework; name = Foundation.framework; path = System/Library/Frameworks/Foundation.framework; sourceTree = SDKROOT; };
		B91FBA311994A80500927D55 /* HDKit-Prefix.pch */ = {isa = PBXFileReference; lastKnownFileType = sourcecode.c.h; path = "HDKit-Prefix.pch"; sourceTree = "<group>"; };
		B91FBA321994A80500927D55 /* HDKit.h */ = {isa = PBXFileReference; lastKnownFileType = sourcecode.c.h; path = HDKit.h; sourceTree = "<group>"; };
		B91FBA341994A80500927D55 /* HDKit.m */ = {isa = PBXFileReference; lastKnownFileType = sourcecode.c.objc; path = HDKit.m; sourceTree = "<group>"; };
		B91FBA3A1994A80500927D55 /* HDKitTests.xctest */ = {isa = PBXFileReference; explicitFileType = wrapper.cfbundle; includeInIndex = 0; path = HDKitTests.xctest; sourceTree = BUILT_PRODUCTS_DIR; };
		B91FBA3B1994A80500927D55 /* XCTest.framework */ = {isa = PBXFileReference; lastKnownFileType = wrapper.framework; name = XCTest.framework; path = Library/Frameworks/XCTest.framework; sourceTree = DEVELOPER_DIR; };
		B91FBA3E1994A80500927D55 /* UIKit.framework */ = {isa = PBXFileReference; lastKnownFileType = wrapper.framework; name = UIKit.framework; path = Library/Frameworks/UIKit.framework; sourceTree = DEVELOPER_DIR; };
		B91FBA451994A80500927D55 /* HDKitTests-Info.plist */ = {isa = PBXFileReference; lastKnownFileType = text.plist.xml; path = "HDKitTests-Info.plist"; sourceTree = "<group>"; };
		B91FBA471994A80500927D55 /* en */ = {isa = PBXFileReference; lastKnownFileType = text.plist.strings; name = en; path = en.lproj/InfoPlist.strings; sourceTree = "<group>"; };
		B91FBA491994A80500927D55 /* HDKitTests.m */ = {isa = PBXFileReference; lastKnownFileType = sourcecode.c.objc; path = HDKitTests.m; sourceTree = "<group>"; };
		B91FBA5F1994ADFA00927D55 /* UIImage+SnapShot.h */ = {isa = PBXFileReference; fileEncoding = 4; lastKnownFileType = sourcecode.c.h; path = "UIImage+SnapShot.h"; sourceTree = "<group>"; };
		B91FBA601994ADFA00927D55 /* UIImage+SnapShot.m */ = {isa = PBXFileReference; fileEncoding = 4; lastKnownFileType = sourcecode.c.objc; path = "UIImage+SnapShot.m"; sourceTree = "<group>"; };
		B91FBA621994AE3200927D55 /* UIKit.framework */ = {isa = PBXFileReference; lastKnownFileType = wrapper.framework; name = UIKit.framework; path = System/Library/Frameworks/UIKit.framework; sourceTree = SDKROOT; };
		B91FBA641994AEF400927D55 /* UIView+FrameShorCut.h */ = {isa = PBXFileReference; fileEncoding = 4; lastKnownFileType = sourcecode.c.h; path = "UIView+FrameShorCut.h"; sourceTree = "<group>"; };
		B91FBA651994AEF400927D55 /* UIView+FrameShorCut.m */ = {isa = PBXFileReference; fileEncoding = 4; lastKnownFileType = sourcecode.c.objc; path = "UIView+FrameShorCut.m"; sourceTree = "<group>"; };
/* End PBXFileReference section */

/* Begin PBXFrameworksBuildPhase section */
		B91FBA271994A80500927D55 /* Frameworks */ = {
			isa = PBXFrameworksBuildPhase;
			buildActionMask = 2147483647;
			files = (
				B91FBA631994AE3200927D55 /* UIKit.framework in Frameworks */,
				B91FBA2E1994A80500927D55 /* Foundation.framework in Frameworks */,
			);
			runOnlyForDeploymentPostprocessing = 0;
		};
		B91FBA371994A80500927D55 /* Frameworks */ = {
			isa = PBXFrameworksBuildPhase;
			buildActionMask = 2147483647;
			files = (
				B91FBA421994A80500927D55 /* libHDKit.a in Frameworks */,
				B91FBA3C1994A80500927D55 /* XCTest.framework in Frameworks */,
				B91FBA3F1994A80500927D55 /* UIKit.framework in Frameworks */,
				B91FBA3D1994A80500927D55 /* Foundation.framework in Frameworks */,
			);
			runOnlyForDeploymentPostprocessing = 0;
		};
/* End PBXFrameworksBuildPhase section */

/* Begin PBXGroup section */
		B91FBA211994A80500927D55 = {
			isa = PBXGroup;
			children = (
				B91FBA2F1994A80500927D55 /* HDKit */,
				B91FBA431994A80500927D55 /* HDKitTests */,
				B91FBA2C1994A80500927D55 /* Frameworks */,
				B91FBA2B1994A80500927D55 /* Products */,
			);
			sourceTree = "<group>";
		};
		B91FBA2B1994A80500927D55 /* Products */ = {
			isa = PBXGroup;
			children = (
				B91FBA2A1994A80500927D55 /* libHDKit.a */,
				B91FBA3A1994A80500927D55 /* HDKitTests.xctest */,
			);
			name = Products;
			sourceTree = "<group>";
		};
		B91FBA2C1994A80500927D55 /* Frameworks */ = {
			isa = PBXGroup;
			children = (
				B91FBA621994AE3200927D55 /* UIKit.framework */,
				B91FBA2D1994A80500927D55 /* Foundation.framework */,
				B91FBA3B1994A80500927D55 /* XCTest.framework */,
				B91FBA3E1994A80500927D55 /* UIKit.framework */,
			);
			name = Frameworks;
			sourceTree = "<group>";
		};
		B91FBA2F1994A80500927D55 /* HDKit */ = {
			isa = PBXGroup;
			children = (
				B91FBA591994ABC600927D55 /* Controllers */,
				B91FBA5A1994ABC600927D55 /* Core */,
				B91FBA5D1994ABC600927D55 /* Sections */,
				B91FBA5E1994ABC600927D55 /* UI */,
				B91FBA321994A80500927D55 /* HDKit.h */,
				B91FBA341994A80500927D55 /* HDKit.m */,
				B91FBA301994A80500927D55 /* Supporting Files */,
			);
			path = HDKit;
			sourceTree = "<group>";
		};
		B91FBA301994A80500927D55 /* Supporting Files */ = {
			isa = PBXGroup;
			children = (
				B91FBA311994A80500927D55 /* HDKit-Prefix.pch */,
			);
			name = "Supporting Files";
			sourceTree = "<group>";
		};
		B91FBA431994A80500927D55 /* HDKitTests */ = {
			isa = PBXGroup;
			children = (
				B91FBA491994A80500927D55 /* HDKitTests.m */,
				B91FBA441994A80500927D55 /* Supporting Files */,
			);
			path = HDKitTests;
			sourceTree = "<group>";
		};
		B91FBA441994A80500927D55 /* Supporting Files */ = {
			isa = PBXGroup;
			children = (
				B91FBA451994A80500927D55 /* HDKitTests-Info.plist */,
				B91FBA461994A80500927D55 /* InfoPlist.strings */,
			);
			name = "Supporting Files";
			sourceTree = "<group>";
		};
		B91FBA591994ABC600927D55 /* Controllers */ = {
			isa = PBXGroup;
			children = (
			);
			path = Controllers;
			sourceTree = "<group>";
		};
		B91FBA5A1994ABC600927D55 /* Core */ = {
			isa = PBXGroup;
			children = (
				B91FBA5B1994ABC600927D55 /* Categories */,
				B91FBA5C1994ABC600927D55 /* Helpers */,
			);
			path = Core;
			sourceTree = "<group>";
		};
		B91FBA5B1994ABC600927D55 /* Categories */ = {
			isa = PBXGroup;
			children = (
				B91FBA5F1994ADFA00927D55 /* UIImage+SnapShot.h */,
				B91FBA601994ADFA00927D55 /* UIImage+SnapShot.m */,
				B91FBA641994AEF400927D55 /* UIView+FrameShorCut.h */,
				B91FBA651994AEF400927D55 /* UIView+FrameShorCut.m */,
			);
			path = Categories;
			sourceTree = "<group>";
		};
		B91FBA5C1994ABC600927D55 /* Helpers */ = {
			isa = PBXGroup;
			children = (
			);
			path = Helpers;
			sourceTree = "<group>";
		};
		B91FBA5D1994ABC600927D55 /* Sections */ = {
			isa = PBXGroup;
			children = (
			);
			path = Sections;
			sourceTree = "<group>";
		};
		B91FBA5E1994ABC600927D55 /* UI */ = {
			isa = PBXGroup;
			children = (
			);
			path = UI;
			sourceTree = "<group>";
		};
/* End PBXGroup section */

/* Begin PBXNativeTarget section */
		B91FBA291994A80500927D55 /* HDKit */ = {
			isa = PBXNativeTarget;
			buildConfigurationList = B91FBA4D1994A80500927D55 /* Build configuration list for PBXNativeTarget "HDKit" */;
			buildPhases = (
				B91FBA261994A80500927D55 /* Sources */,
				B91FBA271994A80500927D55 /* Frameworks */,
				B91FBA281994A80500927D55 /* CopyFiles */,
			);
			buildRules = (
			);
			dependencies = (
			);
			name = HDKit;
			productName = HDKit;
			productReference = B91FBA2A1994A80500927D55 /* libHDKit.a */;
			productType = "com.apple.product-type.library.static";
		};
		B91FBA391994A80500927D55 /* HDKitTests */ = {
			isa = PBXNativeTarget;
			buildConfigurationList = B91FBA501994A80500927D55 /* Build configuration list for PBXNativeTarget "HDKitTests" */;
			buildPhases = (
				B91FBA361994A80500927D55 /* Sources */,
				B91FBA371994A80500927D55 /* Frameworks */,
				B91FBA381994A80500927D55 /* Resources */,
			);
			buildRules = (
			);
			dependencies = (
				B91FBA411994A80500927D55 /* PBXTargetDependency */,
			);
			name = HDKitTests;
			productName = HDKitTests;
			productReference = B91FBA3A1994A80500927D55 /* HDKitTests.xctest */;
			productType = "com.apple.product-type.bundle.unit-test";
		};
/* End PBXNativeTarget section */

/* Begin PBXProject section */
		B91FBA221994A80500927D55 /* Project object */ = {
			isa = PBXProject;
			attributes = {
				LastUpgradeCheck = 0510;
				ORGANIZATIONNAME = harvey;
			};
			buildConfigurationList = B91FBA251994A80500927D55 /* Build configuration list for PBXProject "HDKit" */;
			compatibilityVersion = "Xcode 3.2";
			developmentRegion = English;
			hasScannedForEncodings = 0;
			knownRegions = (
				en,
			);
			mainGroup = B91FBA211994A80500927D55;
			productRefGroup = B91FBA2B1994A80500927D55 /* Products */;
			projectDirPath = "";
			projectRoot = "";
			targets = (
				B91FBA291994A80500927D55 /* HDKit */,
				B91FBA391994A80500927D55 /* HDKitTests */,
			);
		};
/* End PBXProject section */

/* Begin PBXResourcesBuildPhase section */
		B91FBA381994A80500927D55 /* Resources */ = {
			isa = PBXResourcesBuildPhase;
			buildActionMask = 2147483647;
			files = (
				B91FBA481994A80500927D55 /* InfoPlist.strings in Resources */,
			);
			runOnlyForDeploymentPostprocessing = 0;
		};
/* End PBXResourcesBuildPhase section */

/* Begin PBXSourcesBuildPhase section */
		B91FBA261994A80500927D55 /* Sources */ = {
			isa = PBXSourcesBuildPhase;
			buildActionMask = 2147483647;
			files = (
				B91FBA351994A80500927D55 /* HDKit.m in Sources */,
				B91FBA661994AEF400927D55 /* UIView+FrameShorCut.m in Sources */,
				B91FBA611994ADFA00927D55 /* UIImage+SnapShot.m in Sources */,
			);
			runOnlyForDeploymentPostprocessing = 0;
		};
		B91FBA361994A80500927D55 /* Sources */ = {
			isa = PBXSourcesBuildPhase;
			buildActionMask = 2147483647;
			files = (
				B91FBA4A1994A80500927D55 /* HDKitTests.m in Sources */,
			);
			runOnlyForDeploymentPostprocessing = 0;
		};
/* End PBXSourcesBuildPhase section */

/* Begin PBXTargetDependency section */
		B91FBA411994A80500927D55 /* PBXTargetDependency */ = {
			isa = PBXTargetDependency;
			target = B91FBA291994A80500927D55 /* HDKit */;
			targetProxy = B91FBA401994A80500927D55 /* PBXContainerItemProxy */;
		};
/* End PBXTargetDependency section */

/* Begin PBXVariantGroup section */
		B91FBA461994A80500927D55 /* InfoPlist.strings */ = {
			isa = PBXVariantGroup;
			children = (
				B91FBA471994A80500927D55 /* en */,
			);
			name = InfoPlist.strings;
			sourceTree = "<group>";
		};
/* End PBXVariantGroup section */

/* Begin XCBuildConfiguration section */
		B91FBA4B1994A80500927D55 /* Debug */ = {
			isa = XCBuildConfiguration;
			buildSettings = {
				ALWAYS_SEARCH_USER_PATHS = NO;
				CLANG_CXX_LANGUAGE_STANDARD = "gnu++0x";
				CLANG_CXX_LIBRARY = "libc++";
				CLANG_ENABLE_MODULES = YES;
				CLANG_ENABLE_OBJC_ARC = YES;
				CLANG_WARN_BOOL_CONVERSION = YES;
				CLANG_WARN_CONSTANT_CONVERSION = YES;
				CLANG_WARN_DIRECT_OBJC_ISA_USAGE = YES_ERROR;
				CLANG_WARN_EMPTY_BODY = YES;
				CLANG_WARN_ENUM_CONVERSION = YES;
				CLANG_WARN_INT_CONVERSION = YES;
				CLANG_WARN_OBJC_ROOT_CLASS = YES_ERROR;
				CLANG_WARN__DUPLICATE_METHOD_MATCH = YES;
				COPY_PHASE_STRIP = NO;
				GCC_C_LANGUAGE_STANDARD = gnu99;
				GCC_DYNAMIC_NO_PIC = NO;
				GCC_OPTIMIZATION_LEVEL = 0;
				GCC_PREPROCESSOR_DEFINITIONS = (
					"DEBUG=1",
					"$(inherited)",
				);
				GCC_SYMBOLS_PRIVATE_EXTERN = NO;
				GCC_WARN_64_TO_32_BIT_CONVERSION = YES;
				GCC_WARN_ABOUT_RETURN_TYPE = YES_ERROR;
				GCC_WARN_UNDECLARED_SELECTOR = YES;
				GCC_WARN_UNINITIALIZED_AUTOS = YES_AGGRESSIVE;
				GCC_WARN_UNUSED_FUNCTION = YES;
				GCC_WARN_UNUSED_VARIABLE = YES;
				IPHONEOS_DEPLOYMENT_TARGET = 7.1;
				ONLY_ACTIVE_ARCH = YES;
				SDKROOT = iphoneos;
			};
			name = Debug;
		};
		B91FBA4C1994A80500927D55 /* Release */ = {
			isa = XCBuildConfiguration;
			buildSettings = {
				ALWAYS_SEARCH_USER_PATHS = NO;
				CLANG_CXX_LANGUAGE_STANDARD = "gnu++0x";
				CLANG_CXX_LIBRARY = "libc++";
				CLANG_ENABLE_MODULES = YES;
				CLANG_ENABLE_OBJC_ARC = YES;
				CLANG_WARN_BOOL_CONVERSION = YES;
				CLANG_WARN_CONSTANT_CONVERSION = YES;
				CLANG_WARN_DIRECT_OBJC_ISA_USAGE = YES_ERROR;
				CLANG_WARN_EMPTY_BODY = YES;
				CLANG_WARN_ENUM_CONVERSION = YES;
				CLANG_WARN_INT_CONVERSION = YES;
				CLANG_WARN_OBJC_ROOT_CLASS = YES_ERROR;
				CLANG_WARN__DUPLICATE_METHOD_MATCH = YES;
				COPY_PHASE_STRIP = YES;
				ENABLE_NS_ASSERTIONS = NO;
				GCC_C_LANGUAGE_STANDARD = gnu99;
				GCC_WARN_64_TO_32_BIT_CONVERSION = YES;
				GCC_WARN_ABOUT_RETURN_TYPE = YES_ERROR;
				GCC_WARN_UNDECLARED_SELECTOR = YES;
				GCC_WARN_UNINITIALIZED_AUTOS = YES_AGGRESSIVE;
				GCC_WARN_UNUSED_FUNCTION = YES;
				GCC_WARN_UNUSED_VARIABLE = YES;
				IPHONEOS_DEPLOYMENT_TARGET = 7.1;
				SDKROOT = iphoneos;
				VALIDATE_PRODUCT = YES;
			};
			name = Release;
		};
		B91FBA4E1994A80500927D55 /* Debug */ = {
			isa = XCBuildConfiguration;
			buildSettings = {
				DSTROOT = /tmp/HDKit.dst;
				GCC_PRECOMPILE_PREFIX_HEADER = YES;
				GCC_PREFIX_HEADER = "HDKit/HDKit-Prefix.pch";
				OTHER_LDFLAGS = "-ObjC";
				PRODUCT_NAME = "$(TARGET_NAME)";
				SKIP_INSTALL = YES;
			};
			name = Debug;
		};
		B91FBA4F1994A80500927D55 /* Release */ = {
			isa = XCBuildConfiguration;
			buildSettings = {
				DSTROOT = /tmp/HDKit.dst;
				GCC_PRECOMPILE_PREFIX_HEADER = YES;
				GCC_PREFIX_HEADER = "HDKit/HDKit-Prefix.pch";
				OTHER_LDFLAGS = "-ObjC";
				PRODUCT_NAME = "$(TARGET_NAME)";
				SKIP_INSTALL = YES;
			};
			name = Release;
		};
		B91FBA511994A80500927D55 /* Debug */ = {
			isa = XCBuildConfiguration;
			buildSettings = {
				FRAMEWORK_SEARCH_PATHS = (
					"$(SDKROOT)/Developer/Library/Frameworks",
					"$(inherited)",
					"$(DEVELOPER_FRAMEWORKS_DIR)",
				);
				GCC_PRECOMPILE_PREFIX_HEADER = YES;
				GCC_PREFIX_HEADER = "HDKit/HDKit-Prefix.pch";
				GCC_PREPROCESSOR_DEFINITIONS = (
					"DEBUG=1",
					"$(inherited)",
				);
				INFOPLIST_FILE = "HDKitTests/HDKitTests-Info.plist";
				PRODUCT_NAME = "$(TARGET_NAME)";
				WRAPPER_EXTENSION = xctest;
			};
			name = Debug;
		};
		B91FBA521994A80500927D55 /* Release */ = {
			isa = XCBuildConfiguration;
			buildSettings = {
				FRAMEWORK_SEARCH_PATHS = (
					"$(SDKROOT)/Developer/Library/Frameworks",
					"$(inherited)",
					"$(DEVELOPER_FRAMEWORKS_DIR)",
				);
				GCC_PRECOMPILE_PREFIX_HEADER = YES;
				GCC_PREFIX_HEADER = "HDKit/HDKit-Prefix.pch";
				INFOPLIST_FILE = "HDKitTests/HDKitTests-Info.plist";
				PRODUCT_NAME = "$(TARGET_NAME)";
				WRAPPER_EXTENSION = xctest;
			};
			name = Release;
		};
/* End XCBuildConfiguration section */

/* Begin XCConfigurationList section */
		B91FBA251994A80500927D55 /* Build configuration list for PBXProject "HDKit" */ = {
			isa = XCConfigurationList;
			buildConfigurations = (
				B91FBA4B1994A80500927D55 /* Debug */,
				B91FBA4C1994A80500927D55 /* Release */,
			);
			defaultConfigurationIsVisible = 0;
			defaultConfigurationName = Release;
		};
		B91FBA4D1994A80500927D55 /* Build configuration list for PBXNativeTarget "HDKit" */ = {
			isa = XCConfigurationList;
			buildConfigurations = (
				B91FBA4E1994A80500927D55 /* Debug */,
				B91FBA4F1994A80500927D55 /* Release */,
			);
			defaultConfigurationIsVisible = 0;
			defaultConfigurationName = Release;
		};
		B91FBA501994A80500927D55 /* Build configuration list for PBXNativeTarget "HDKitTests" */ = {
			isa = XCConfigurationList;
			buildConfigurations = (
				B91FBA511994A80500927D55 /* Debug */,
				B91FBA521994A80500927D55 /* Release */,
			);
			defaultConfigurationIsVisible = 0;
			defaultConfigurationName = Release;
		};
/* End XCConfigurationList section */
	};
	rootObject = B91FBA221994A80500927D55 /* Project object */;
}
