// !$*UTF8*$!
{
	archiveVersion = 1;
	classes = {
	};
	objectVersion = 46;
	objects = {

/* Begin PBXBuildFile section */
		B95B2EA71B0C64AE00B1C81E /* main.m in Sources */ = {isa = PBXBuildFile; fileRef = B95B2EA61B0C64AE00B1C81E /* main.m */; };
		B95B2EAA1B0C64AE00B1C81E /* AppDelegate.m in Sources */ = {isa = PBXBuildFile; fileRef = B95B2EA91B0C64AE00B1C81E /* AppDelegate.m */; };
		B95B2EAD1B0C64AE00B1C81E /* ViewController.m in Sources */ = {isa = PBXBuildFile; fileRef = B95B2EAC1B0C64AE00B1C81E /* ViewController.m */; };
		B95B2EB01B0C64AE00B1C81E /* Main.storyboard in Resources */ = {isa = PBXBuildFile; fileRef = B95B2EAE1B0C64AE00B1C81E /* Main.storyboard */; };
		B95B2EB21B0C64AE00B1C81E /* Images.xcassets in Resources */ = {isa = PBXBuildFile; fileRef = B95B2EB11B0C64AE00B1C81E /* Images.xcassets */; };
		B95B2EB51B0C64AE00B1C81E /* LaunchScreen.xib in Resources */ = {isa = PBXBuildFile; fileRef = B95B2EB31B0C64AE00B1C81E /* LaunchScreen.xib */; };
		B95B2EC11B0C64AE00B1C81E /* HDKitDemoTests.m in Sources */ = {isa = PBXBuildFile; fileRef = B95B2EC01B0C64AE00B1C81E /* HDKitDemoTests.m */; };
		B95B2ED21B0C6FCE00B1C81E /* HDKit.strings in Resources */ = {isa = PBXBuildFile; fileRef = B95B2ED11B0C6FCE00B1C81E /* HDKit.strings */; };
		B95B2ED51B0C701E00B1C81E /* NSString+HDKit.m in Sources */ = {isa = PBXBuildFile; fileRef = B95B2ED41B0C701E00B1C81E /* NSString+HDKit.m */; };
		B95B2ED81B0C7A2F00B1C81E /* UIView+HDKit.m in Sources */ = {isa = PBXBuildFile; fileRef = B95B2ED71B0C7A2F00B1C81E /* UIView+HDKit.m */; };
		B95B2EDB1B0C7F2E00B1C81E /* UIImage+HDKit.m in Sources */ = {isa = PBXBuildFile; fileRef = B95B2EDA1B0C7F2E00B1C81E /* UIImage+HDKit.m */; };
		B95B2EDE1B0C87E800B1C81E /* NSObject+HDKit.m in Sources */ = {isa = PBXBuildFile; fileRef = B95B2EDD1B0C87E800B1C81E /* NSObject+HDKit.m */; };
		B9A552531B0D83CD0012551D /* NSArray+HDKit.m in Sources */ = {isa = PBXBuildFile; fileRef = B9A552521B0D83CD0012551D /* NSArray+HDKit.m */; };
		B9A552561B0D85AC0012551D /* NSDictionary+HDKit.m in Sources */ = {isa = PBXBuildFile; fileRef = B9A552551B0D85AC0012551D /* NSDictionary+HDKit.m */; };
		B9A552691B0D87260012551D /* NSMutableDictionary+HDKit.m in Sources */ = {isa = PBXBuildFile; fileRef = B9A552681B0D87260012551D /* NSMutableDictionary+HDKit.m */; };
		B9A5526C1B0DDE570012551D /* NSDate+HDKit.m in Sources */ = {isa = PBXBuildFile; fileRef = B9A5526B1B0DDE570012551D /* NSDate+HDKit.m */; };
		BA4467691B54AA5600670260 /* NSAttributedString+HDKit.m in Sources */ = {isa = PBXBuildFile; fileRef = BA4467681B54AA5600670260 /* NSAttributedString+HDKit.m */; };
		BA44676C1B54B2E800670260 /* NSTimer+HDKit.m in Sources */ = {isa = PBXBuildFile; fileRef = BA44676B1B54B2E800670260 /* NSTimer+HDKit.m */; };
		BA44676F1B54B58C00670260 /* UIColor+HDKit.m in Sources */ = {isa = PBXBuildFile; fileRef = BA44676E1B54B58C00670260 /* UIColor+HDKit.m */; };
		BA5811051B54E3D100B0518E /* UIResponder+HDKit.m in Sources */ = {isa = PBXBuildFile; fileRef = BA5811041B54E3D100B0518E /* UIResponder+HDKit.m */; };
		BA5811081B54E5C400B0518E /* UIScrollView+HDKit.m in Sources */ = {isa = PBXBuildFile; fileRef = BA5811071B54E5C400B0518E /* UIScrollView+HDKit.m */; };
		BA58110B1B54F4AE00B0518E /* UIViewController+HDKit.m in Sources */ = {isa = PBXBuildFile; fileRef = BA58110A1B54F4AE00B0518E /* UIViewController+HDKit.m */; };
/* End PBXBuildFile section */

/* Begin PBXContainerItemProxy section */
		B95B2EBB1B0C64AE00B1C81E /* PBXContainerItemProxy */ = {
			isa = PBXContainerItemProxy;
			containerPortal = B95B2E991B0C64AE00B1C81E /* Project object */;
			proxyType = 1;
			remoteGlobalIDString = B95B2EA01B0C64AE00B1C81E;
			remoteInfo = HDKitDemo;
		};
/* End PBXContainerItemProxy section */

/* Begin PBXFileReference section */
		B95B2EA11B0C64AE00B1C81E /* HDKitDemo.app */ = {isa = PBXFileReference; explicitFileType = wrapper.application; includeInIndex = 0; path = HDKitDemo.app; sourceTree = BUILT_PRODUCTS_DIR; };
		B95B2EA51B0C64AE00B1C81E /* Info.plist */ = {isa = PBXFileReference; lastKnownFileType = text.plist.xml; path = Info.plist; sourceTree = "<group>"; };
		B95B2EA61B0C64AE00B1C81E /* main.m */ = {isa = PBXFileReference; lastKnownFileType = sourcecode.c.objc; path = main.m; sourceTree = "<group>"; };
		B95B2EA81B0C64AE00B1C81E /* AppDelegate.h */ = {isa = PBXFileReference; lastKnownFileType = sourcecode.c.h; path = AppDelegate.h; sourceTree = "<group>"; };
		B95B2EA91B0C64AE00B1C81E /* AppDelegate.m */ = {isa = PBXFileReference; lastKnownFileType = sourcecode.c.objc; path = AppDelegate.m; sourceTree = "<group>"; };
		B95B2EAB1B0C64AE00B1C81E /* ViewController.h */ = {isa = PBXFileReference; lastKnownFileType = sourcecode.c.h; path = ViewController.h; sourceTree = "<group>"; };
		B95B2EAC1B0C64AE00B1C81E /* ViewController.m */ = {isa = PBXFileReference; lastKnownFileType = sourcecode.c.objc; path = ViewController.m; sourceTree = "<group>"; };
		B95B2EAF1B0C64AE00B1C81E /* Base */ = {isa = PBXFileReference; lastKnownFileType = file.storyboard; name = Base; path = Base.lproj/Main.storyboard; sourceTree = "<group>"; };
		B95B2EB11B0C64AE00B1C81E /* Images.xcassets */ = {isa = PBXFileReference; lastKnownFileType = folder.assetcatalog; path = Images.xcassets; sourceTree = "<group>"; };
		B95B2EB41B0C64AE00B1C81E /* Base */ = {isa = PBXFileReference; lastKnownFileType = file.xib; name = Base; path = Base.lproj/LaunchScreen.xib; sourceTree = "<group>"; };
		B95B2EBA1B0C64AE00B1C81E /* HDKitDemoTests.xctest */ = {isa = PBXFileReference; explicitFileType = wrapper.cfbundle; includeInIndex = 0; path = HDKitDemoTests.xctest; sourceTree = BUILT_PRODUCTS_DIR; };
		B95B2EBF1B0C64AE00B1C81E /* Info.plist */ = {isa = PBXFileReference; lastKnownFileType = text.plist.xml; path = Info.plist; sourceTree = "<group>"; };
		B95B2EC01B0C64AE00B1C81E /* HDKitDemoTests.m */ = {isa = PBXFileReference; lastKnownFileType = sourcecode.c.objc; path = HDKitDemoTests.m; sourceTree = "<group>"; };
		B95B2ECF1B0C64CF00B1C81E /* HDKit.h */ = {isa = PBXFileReference; fileEncoding = 4; lastKnownFileType = sourcecode.c.h; path = HDKit.h; sourceTree = "<group>"; };
		B95B2ED11B0C6FCE00B1C81E /* HDKit.strings */ = {isa = PBXFileReference; fileEncoding = 4; lastKnownFileType = text.plist.strings; path = HDKit.strings; sourceTree = "<group>"; };
		B95B2ED31B0C701E00B1C81E /* NSString+HDKit.h */ = {isa = PBXFileReference; fileEncoding = 4; lastKnownFileType = sourcecode.c.h; path = "NSString+HDKit.h"; sourceTree = "<group>"; };
		B95B2ED41B0C701E00B1C81E /* NSString+HDKit.m */ = {isa = PBXFileReference; fileEncoding = 4; lastKnownFileType = sourcecode.c.objc; path = "NSString+HDKit.m"; sourceTree = "<group>"; };
		B95B2ED61B0C7A2F00B1C81E /* UIView+HDKit.h */ = {isa = PBXFileReference; fileEncoding = 4; lastKnownFileType = sourcecode.c.h; path = "UIView+HDKit.h"; sourceTree = "<group>"; };
		B95B2ED71B0C7A2F00B1C81E /* UIView+HDKit.m */ = {isa = PBXFileReference; fileEncoding = 4; lastKnownFileType = sourcecode.c.objc; path = "UIView+HDKit.m"; sourceTree = "<group>"; };
		B95B2ED91B0C7F2E00B1C81E /* UIImage+HDKit.h */ = {isa = PBXFileReference; fileEncoding = 4; lastKnownFileType = sourcecode.c.h; path = "UIImage+HDKit.h"; sourceTree = "<group>"; };
		B95B2EDA1B0C7F2E00B1C81E /* UIImage+HDKit.m */ = {isa = PBXFileReference; fileEncoding = 4; lastKnownFileType = sourcecode.c.objc; path = "UIImage+HDKit.m"; sourceTree = "<group>"; };
		B95B2EDC1B0C87E800B1C81E /* NSObject+HDKit.h */ = {isa = PBXFileReference; fileEncoding = 4; lastKnownFileType = sourcecode.c.h; path = "NSObject+HDKit.h"; sourceTree = "<group>"; };
		B95B2EDD1B0C87E800B1C81E /* NSObject+HDKit.m */ = {isa = PBXFileReference; fileEncoding = 4; lastKnownFileType = sourcecode.c.objc; path = "NSObject+HDKit.m"; sourceTree = "<group>"; };
		B9A552511B0D83CD0012551D /* NSArray+HDKit.h */ = {isa = PBXFileReference; fileEncoding = 4; lastKnownFileType = sourcecode.c.h; path = "NSArray+HDKit.h"; sourceTree = "<group>"; };
		B9A552521B0D83CD0012551D /* NSArray+HDKit.m */ = {isa = PBXFileReference; fileEncoding = 4; lastKnownFileType = sourcecode.c.objc; path = "NSArray+HDKit.m"; sourceTree = "<group>"; };
		B9A552541B0D85AC0012551D /* NSDictionary+HDKit.h */ = {isa = PBXFileReference; fileEncoding = 4; lastKnownFileType = sourcecode.c.h; path = "NSDictionary+HDKit.h"; sourceTree = "<group>"; };
		B9A552551B0D85AC0012551D /* NSDictionary+HDKit.m */ = {isa = PBXFileReference; fileEncoding = 4; lastKnownFileType = sourcecode.c.objc; path = "NSDictionary+HDKit.m"; sourceTree = "<group>"; };
		B9A552671B0D87260012551D /* NSMutableDictionary+HDKit.h */ = {isa = PBXFileReference; fileEncoding = 4; lastKnownFileType = sourcecode.c.h; path = "NSMutableDictionary+HDKit.h"; sourceTree = "<group>"; };
		B9A552681B0D87260012551D /* NSMutableDictionary+HDKit.m */ = {isa = PBXFileReference; fileEncoding = 4; lastKnownFileType = sourcecode.c.objc; path = "NSMutableDictionary+HDKit.m"; sourceTree = "<group>"; };
		B9A5526A1B0DDE570012551D /* NSDate+HDKit.h */ = {isa = PBXFileReference; fileEncoding = 4; lastKnownFileType = sourcecode.c.h; path = "NSDate+HDKit.h"; sourceTree = "<group>"; };
		B9A5526B1B0DDE570012551D /* NSDate+HDKit.m */ = {isa = PBXFileReference; fileEncoding = 4; lastKnownFileType = sourcecode.c.objc; path = "NSDate+HDKit.m"; sourceTree = "<group>"; };
		BA4467671B54AA5600670260 /* NSAttributedString+HDKit.h */ = {isa = PBXFileReference; fileEncoding = 4; lastKnownFileType = sourcecode.c.h; path = "NSAttributedString+HDKit.h"; sourceTree = "<group>"; };
		BA4467681B54AA5600670260 /* NSAttributedString+HDKit.m */ = {isa = PBXFileReference; fileEncoding = 4; lastKnownFileType = sourcecode.c.objc; path = "NSAttributedString+HDKit.m"; sourceTree = "<group>"; };
		BA44676A1B54B2E800670260 /* NSTimer+HDKit.h */ = {isa = PBXFileReference; fileEncoding = 4; lastKnownFileType = sourcecode.c.h; path = "NSTimer+HDKit.h"; sourceTree = "<group>"; };
		BA44676B1B54B2E800670260 /* NSTimer+HDKit.m */ = {isa = PBXFileReference; fileEncoding = 4; lastKnownFileType = sourcecode.c.objc; path = "NSTimer+HDKit.m"; sourceTree = "<group>"; };
		BA44676D1B54B58C00670260 /* UIColor+HDKit.h */ = {isa = PBXFileReference; fileEncoding = 4; lastKnownFileType = sourcecode.c.h; path = "UIColor+HDKit.h"; sourceTree = "<group>"; };
		BA44676E1B54B58C00670260 /* UIColor+HDKit.m */ = {isa = PBXFileReference; fileEncoding = 4; lastKnownFileType = sourcecode.c.objc; path = "UIColor+HDKit.m"; sourceTree = "<group>"; };
		BA5811031B54E3D100B0518E /* UIResponder+HDKit.h */ = {isa = PBXFileReference; fileEncoding = 4; lastKnownFileType = sourcecode.c.h; path = "UIResponder+HDKit.h"; sourceTree = "<group>"; };
		BA5811041B54E3D100B0518E /* UIResponder+HDKit.m */ = {isa = PBXFileReference; fileEncoding = 4; lastKnownFileType = sourcecode.c.objc; path = "UIResponder+HDKit.m"; sourceTree = "<group>"; };
		BA5811061B54E5C400B0518E /* UIScrollView+HDKit.h */ = {isa = PBXFileReference; fileEncoding = 4; lastKnownFileType = sourcecode.c.h; path = "UIScrollView+HDKit.h"; sourceTree = "<group>"; };
		BA5811071B54E5C400B0518E /* UIScrollView+HDKit.m */ = {isa = PBXFileReference; fileEncoding = 4; lastKnownFileType = sourcecode.c.objc; path = "UIScrollView+HDKit.m"; sourceTree = "<group>"; };
		BA5811091B54F4AE00B0518E /* UIViewController+HDKit.h */ = {isa = PBXFileReference; fileEncoding = 4; lastKnownFileType = sourcecode.c.h; path = "UIViewController+HDKit.h"; sourceTree = "<group>"; };
		BA58110A1B54F4AE00B0518E /* UIViewController+HDKit.m */ = {isa = PBXFileReference; fileEncoding = 4; lastKnownFileType = sourcecode.c.objc; path = "UIViewController+HDKit.m"; sourceTree = "<group>"; };
/* End PBXFileReference section */

/* Begin PBXFrameworksBuildPhase section */
		B95B2E9E1B0C64AE00B1C81E /* Frameworks */ = {
			isa = PBXFrameworksBuildPhase;
			buildActionMask = 2147483647;
			files = (
			);
			runOnlyForDeploymentPostprocessing = 0;
		};
		B95B2EB71B0C64AE00B1C81E /* Frameworks */ = {
			isa = PBXFrameworksBuildPhase;
			buildActionMask = 2147483647;
			files = (
			);
			runOnlyForDeploymentPostprocessing = 0;
		};
/* End PBXFrameworksBuildPhase section */

/* Begin PBXGroup section */
		B95B2E981B0C64AE00B1C81E = {
			isa = PBXGroup;
			children = (
				B95B2ECA1B0C64CF00B1C81E /* HDKit */,
				B95B2EA31B0C64AE00B1C81E /* HDKitDemo */,
				B95B2EBD1B0C64AE00B1C81E /* HDKitDemoTests */,
				B95B2EA21B0C64AE00B1C81E /* Products */,
			);
			sourceTree = "<group>";
		};
		B95B2EA21B0C64AE00B1C81E /* Products */ = {
			isa = PBXGroup;
			children = (
				B95B2EA11B0C64AE00B1C81E /* HDKitDemo.app */,
				B95B2EBA1B0C64AE00B1C81E /* HDKitDemoTests.xctest */,
			);
			name = Products;
			sourceTree = "<group>";
		};
		B95B2EA31B0C64AE00B1C81E /* HDKitDemo */ = {
			isa = PBXGroup;
			children = (
				B95B2EA81B0C64AE00B1C81E /* AppDelegate.h */,
				B95B2EA91B0C64AE00B1C81E /* AppDelegate.m */,
				B95B2EAB1B0C64AE00B1C81E /* ViewController.h */,
				B95B2EAC1B0C64AE00B1C81E /* ViewController.m */,
				B95B2EAE1B0C64AE00B1C81E /* Main.storyboard */,
				B95B2EB11B0C64AE00B1C81E /* Images.xcassets */,
				B95B2EB31B0C64AE00B1C81E /* LaunchScreen.xib */,
				B95B2EA41B0C64AE00B1C81E /* Supporting Files */,
			);
			path = HDKitDemo;
			sourceTree = "<group>";
		};
		B95B2EA41B0C64AE00B1C81E /* Supporting Files */ = {
			isa = PBXGroup;
			children = (
				B95B2EA51B0C64AE00B1C81E /* Info.plist */,
				B95B2EA61B0C64AE00B1C81E /* main.m */,
			);
			name = "Supporting Files";
			sourceTree = "<group>";
		};
		B95B2EBD1B0C64AE00B1C81E /* HDKitDemoTests */ = {
			isa = PBXGroup;
			children = (
				B95B2EC01B0C64AE00B1C81E /* HDKitDemoTests.m */,
				B95B2EBE1B0C64AE00B1C81E /* Supporting Files */,
			);
			path = HDKitDemoTests;
			sourceTree = "<group>";
		};
		B95B2EBE1B0C64AE00B1C81E /* Supporting Files */ = {
			isa = PBXGroup;
			children = (
				B95B2EBF1B0C64AE00B1C81E /* Info.plist */,
			);
			name = "Supporting Files";
			sourceTree = "<group>";
		};
		B95B2ECA1B0C64CF00B1C81E /* HDKit */ = {
			isa = PBXGroup;
			children = (
				B95B2ECB1B0C64CF00B1C81E /* Additions */,
				B95B2ECE1B0C64CF00B1C81E /* HDKit */,
				B95B2ED01B0C64CF00B1C81E /* Languages */,
				B95B2ECF1B0C64CF00B1C81E /* HDKit.h */,
			);
			name = HDKit;
			path = ../HDKit;
			sourceTree = "<group>";
		};
		B95B2ECB1B0C64CF00B1C81E /* Additions */ = {
			isa = PBXGroup;
			children = (
				B95B2ECC1B0C64CF00B1C81E /* Foundation */,
				B95B2ECD1B0C64CF00B1C81E /* UIKit */,
			);
			path = Additions;
			sourceTree = "<group>";
		};
		B95B2ECC1B0C64CF00B1C81E /* Foundation */ = {
			isa = PBXGroup;
			children = (
				B95B2ED31B0C701E00B1C81E /* NSString+HDKit.h */,
				B95B2ED41B0C701E00B1C81E /* NSString+HDKit.m */,
				B95B2EDC1B0C87E800B1C81E /* NSObject+HDKit.h */,
				B95B2EDD1B0C87E800B1C81E /* NSObject+HDKit.m */,
				B9A552511B0D83CD0012551D /* NSArray+HDKit.h */,
				B9A552521B0D83CD0012551D /* NSArray+HDKit.m */,
				B9A552541B0D85AC0012551D /* NSDictionary+HDKit.h */,
				B9A552551B0D85AC0012551D /* NSDictionary+HDKit.m */,
				B9A552671B0D87260012551D /* NSMutableDictionary+HDKit.h */,
				B9A552681B0D87260012551D /* NSMutableDictionary+HDKit.m */,
				B9A5526A1B0DDE570012551D /* NSDate+HDKit.h */,
				B9A5526B1B0DDE570012551D /* NSDate+HDKit.m */,
				BA4467671B54AA5600670260 /* NSAttributedString+HDKit.h */,
				BA4467681B54AA5600670260 /* NSAttributedString+HDKit.m */,
				BA44676A1B54B2E800670260 /* NSTimer+HDKit.h */,
				BA44676B1B54B2E800670260 /* NSTimer+HDKit.m */,
			);
			path = Foundation;
			sourceTree = "<group>";
		};
		B95B2ECD1B0C64CF00B1C81E /* UIKit */ = {
			isa = PBXGroup;
			children = (
				B95B2ED61B0C7A2F00B1C81E /* UIView+HDKit.h */,
				B95B2ED71B0C7A2F00B1C81E /* UIView+HDKit.m */,
				B95B2ED91B0C7F2E00B1C81E /* UIImage+HDKit.h */,
				B95B2EDA1B0C7F2E00B1C81E /* UIImage+HDKit.m */,
				BA44676D1B54B58C00670260 /* UIColor+HDKit.h */,
				BA44676E1B54B58C00670260 /* UIColor+HDKit.m */,
				BA5811031B54E3D100B0518E /* UIResponder+HDKit.h */,
				BA5811041B54E3D100B0518E /* UIResponder+HDKit.m */,
				BA5811061B54E5C400B0518E /* UIScrollView+HDKit.h */,
				BA5811071B54E5C400B0518E /* UIScrollView+HDKit.m */,
				BA5811091B54F4AE00B0518E /* UIViewController+HDKit.h */,
				BA58110A1B54F4AE00B0518E /* UIViewController+HDKit.m */,
			);
			path = UIKit;
			sourceTree = "<group>";
		};
		B95B2ECE1B0C64CF00B1C81E /* HDKit */ = {
			isa = PBXGroup;
			children = (
			);
			path = HDKit;
			sourceTree = "<group>";
		};
		B95B2ED01B0C64CF00B1C81E /* Languages */ = {
			isa = PBXGroup;
			children = (
				B95B2ED11B0C6FCE00B1C81E /* HDKit.strings */,
			);
			path = Languages;
			sourceTree = "<group>";
		};
/* End PBXGroup section */

/* Begin PBXNativeTarget section */
		B95B2EA01B0C64AE00B1C81E /* HDKitDemo */ = {
			isa = PBXNativeTarget;
			buildConfigurationList = B95B2EC41B0C64AE00B1C81E /* Build configuration list for PBXNativeTarget "HDKitDemo" */;
			buildPhases = (
				B95B2E9D1B0C64AE00B1C81E /* Sources */,
				B95B2E9E1B0C64AE00B1C81E /* Frameworks */,
				B95B2E9F1B0C64AE00B1C81E /* Resources */,
			);
			buildRules = (
			);
			dependencies = (
			);
			name = HDKitDemo;
			productName = HDKitDemo;
			productReference = B95B2EA11B0C64AE00B1C81E /* HDKitDemo.app */;
			productType = "com.apple.product-type.application";
		};
		B95B2EB91B0C64AE00B1C81E /* HDKitDemoTests */ = {
			isa = PBXNativeTarget;
			buildConfigurationList = B95B2EC71B0C64AE00B1C81E /* Build configuration list for PBXNativeTarget "HDKitDemoTests" */;
			buildPhases = (
				B95B2EB61B0C64AE00B1C81E /* Sources */,
				B95B2EB71B0C64AE00B1C81E /* Frameworks */,
				B95B2EB81B0C64AE00B1C81E /* Resources */,
			);
			buildRules = (
			);
			dependencies = (
				B95B2EBC1B0C64AE00B1C81E /* PBXTargetDependency */,
			);
			name = HDKitDemoTests;
			productName = HDKitDemoTests;
			productReference = B95B2EBA1B0C64AE00B1C81E /* HDKitDemoTests.xctest */;
			productType = "com.apple.product-type.bundle.unit-test";
		};
/* End PBXNativeTarget section */

/* Begin PBXProject section */
		B95B2E991B0C64AE00B1C81E /* Project object */ = {
			isa = PBXProject;
			attributes = {
				LastUpgradeCheck = 0630;
				ORGANIZATIONNAME = harvey;
				TargetAttributes = {
					B95B2EA01B0C64AE00B1C81E = {
						CreatedOnToolsVersion = 6.3.1;
					};
					B95B2EB91B0C64AE00B1C81E = {
						CreatedOnToolsVersion = 6.3.1;
						TestTargetID = B95B2EA01B0C64AE00B1C81E;
					};
				};
			};
			buildConfigurationList = B95B2E9C1B0C64AE00B1C81E /* Build configuration list for PBXProject "HDKitDemo" */;
			compatibilityVersion = "Xcode 3.2";
			developmentRegion = English;
			hasScannedForEncodings = 0;
			knownRegions = (
				en,
				Base,
			);
			mainGroup = B95B2E981B0C64AE00B1C81E;
			productRefGroup = B95B2EA21B0C64AE00B1C81E /* Products */;
			projectDirPath = "";
			projectRoot = "";
			targets = (
				B95B2EA01B0C64AE00B1C81E /* HDKitDemo */,
				B95B2EB91B0C64AE00B1C81E /* HDKitDemoTests */,
			);
		};
/* End PBXProject section */

/* Begin PBXResourcesBuildPhase section */
		B95B2E9F1B0C64AE00B1C81E /* Resources */ = {
			isa = PBXResourcesBuildPhase;
			buildActionMask = 2147483647;
			files = (
				B95B2EB01B0C64AE00B1C81E /* Main.storyboard in Resources */,
				B95B2ED21B0C6FCE00B1C81E /* HDKit.strings in Resources */,
				B95B2EB51B0C64AE00B1C81E /* LaunchScreen.xib in Resources */,
				B95B2EB21B0C64AE00B1C81E /* Images.xcassets in Resources */,
			);
			runOnlyForDeploymentPostprocessing = 0;
		};
		B95B2EB81B0C64AE00B1C81E /* Resources */ = {
			isa = PBXResourcesBuildPhase;
			buildActionMask = 2147483647;
			files = (
			);
			runOnlyForDeploymentPostprocessing = 0;
		};
/* End PBXResourcesBuildPhase section */

/* Begin PBXSourcesBuildPhase section */
		B95B2E9D1B0C64AE00B1C81E /* Sources */ = {
			isa = PBXSourcesBuildPhase;
			buildActionMask = 2147483647;
			files = (
				BA44676F1B54B58C00670260 /* UIColor+HDKit.m in Sources */,
				BA4467691B54AA5600670260 /* NSAttributedString+HDKit.m in Sources */,
				B9A552691B0D87260012551D /* NSMutableDictionary+HDKit.m in Sources */,
				B95B2EAD1B0C64AE00B1C81E /* ViewController.m in Sources */,
				B9A552531B0D83CD0012551D /* NSArray+HDKit.m in Sources */,
				B95B2EDE1B0C87E800B1C81E /* NSObject+HDKit.m in Sources */,
				BA58110B1B54F4AE00B0518E /* UIViewController+HDKit.m in Sources */,
				BA5811081B54E5C400B0518E /* UIScrollView+HDKit.m in Sources */,
				B95B2EAA1B0C64AE00B1C81E /* AppDelegate.m in Sources */,
				BA44676C1B54B2E800670260 /* NSTimer+HDKit.m in Sources */,
				B9A552561B0D85AC0012551D /* NSDictionary+HDKit.m in Sources */,
				B95B2ED51B0C701E00B1C81E /* NSString+HDKit.m in Sources */,
				B95B2ED81B0C7A2F00B1C81E /* UIView+HDKit.m in Sources */,
				B95B2EDB1B0C7F2E00B1C81E /* UIImage+HDKit.m in Sources */,
				BA5811051B54E3D100B0518E /* UIResponder+HDKit.m in Sources */,
				B95B2EA71B0C64AE00B1C81E /* main.m in Sources */,
				B9A5526C1B0DDE570012551D /* NSDate+HDKit.m in Sources */,
			);
			runOnlyForDeploymentPostprocessing = 0;
		};
		B95B2EB61B0C64AE00B1C81E /* Sources */ = {
			isa = PBXSourcesBuildPhase;
			buildActionMask = 2147483647;
			files = (
				B95B2EC11B0C64AE00B1C81E /* HDKitDemoTests.m in Sources */,
			);
			runOnlyForDeploymentPostprocessing = 0;
		};
/* End PBXSourcesBuildPhase section */

/* Begin PBXTargetDependency section */
		B95B2EBC1B0C64AE00B1C81E /* PBXTargetDependency */ = {
			isa = PBXTargetDependency;
			target = B95B2EA01B0C64AE00B1C81E /* HDKitDemo */;
			targetProxy = B95B2EBB1B0C64AE00B1C81E /* PBXContainerItemProxy */;
		};
/* End PBXTargetDependency section */

/* Begin PBXVariantGroup section */
		B95B2EAE1B0C64AE00B1C81E /* Main.storyboard */ = {
			isa = PBXVariantGroup;
			children = (
				B95B2EAF1B0C64AE00B1C81E /* Base */,
			);
			name = Main.storyboard;
			sourceTree = "<group>";
		};
		B95B2EB31B0C64AE00B1C81E /* LaunchScreen.xib */ = {
			isa = PBXVariantGroup;
			children = (
				B95B2EB41B0C64AE00B1C81E /* Base */,
			);
			name = LaunchScreen.xib;
			sourceTree = "<group>";
		};
/* End PBXVariantGroup section */

/* Begin XCBuildConfiguration section */
		B95B2EC21B0C64AE00B1C81E /* Debug */ = {
			isa = XCBuildConfiguration;
			buildSettings = {
				ALWAYS_SEARCH_USER_PATHS = NO;
				CLANG_CXX_LANGUAGE_STANDARD = "gnu++0x";
				CLANG_CXX_LIBRARY = "libc++";
				CLANG_ENABLE_MODULES = YES;
				CLANG_ENABLE_OBJC_ARC = YES;
				CLANG_WARN_BOOL_CONVERSION = YES;
				CLANG_WARN_CONSTANT_CONVERSION = YES;
				CLANG_WARN_DIRECT_OBJC_ISA_USAGE = YES_ERROR;
				CLANG_WARN_EMPTY_BODY = YES;
				CLANG_WARN_ENUM_CONVERSION = YES;
				CLANG_WARN_INT_CONVERSION = YES;
				CLANG_WARN_OBJC_ROOT_CLASS = YES_ERROR;
				CLANG_WARN_UNREACHABLE_CODE = YES;
				CLANG_WARN__DUPLICATE_METHOD_MATCH = YES;
				"CODE_SIGN_IDENTITY[sdk=iphoneos*]" = "iPhone Developer";
				COPY_PHASE_STRIP = NO;
				DEBUG_INFORMATION_FORMAT = "dwarf-with-dsym";
				ENABLE_STRICT_OBJC_MSGSEND = YES;
				GCC_C_LANGUAGE_STANDARD = gnu99;
				GCC_DYNAMIC_NO_PIC = NO;
				GCC_NO_COMMON_BLOCKS = YES;
				GCC_OPTIMIZATION_LEVEL = 0;
				GCC_PREPROCESSOR_DEFINITIONS = (
					"DEBUG=1",
					"$(inherited)",
				);
				GCC_SYMBOLS_PRIVATE_EXTERN = NO;
				GCC_WARN_64_TO_32_BIT_CONVERSION = YES;
				GCC_WARN_ABOUT_RETURN_TYPE = YES_ERROR;
				GCC_WARN_UNDECLARED_SELECTOR = YES;
				GCC_WARN_UNINITIALIZED_AUTOS = YES_AGGRESSIVE;
				GCC_WARN_UNUSED_FUNCTION = YES;
				GCC_WARN_UNUSED_VARIABLE = YES;
				IPHONEOS_DEPLOYMENT_TARGET = 8.3;
				MTL_ENABLE_DEBUG_INFO = YES;
				ONLY_ACTIVE_ARCH = YES;
				SDKROOT = iphoneos;
			};
			name = Debug;
		};
		B95B2EC31B0C64AE00B1C81E /* Release */ = {
			isa = XCBuildConfiguration;
			buildSettings = {
				ALWAYS_SEARCH_USER_PATHS = NO;
				CLANG_CXX_LANGUAGE_STANDARD = "gnu++0x";
				CLANG_CXX_LIBRARY = "libc++";
				CLANG_ENABLE_MODULES = YES;
				CLANG_ENABLE_OBJC_ARC = YES;
				CLANG_WARN_BOOL_CONVERSION = YES;
				CLANG_WARN_CONSTANT_CONVERSION = YES;
				CLANG_WARN_DIRECT_OBJC_ISA_USAGE = YES_ERROR;
				CLANG_WARN_EMPTY_BODY = YES;
				CLANG_WARN_ENUM_CONVERSION = YES;
				CLANG_WARN_INT_CONVERSION = YES;
				CLANG_WARN_OBJC_ROOT_CLASS = YES_ERROR;
				CLANG_WARN_UNREACHABLE_CODE = YES;
				CLANG_WARN__DUPLICATE_METHOD_MATCH = YES;
				"CODE_SIGN_IDENTITY[sdk=iphoneos*]" = "iPhone Developer";
				COPY_PHASE_STRIP = NO;
				DEBUG_INFORMATION_FORMAT = "dwarf-with-dsym";
				ENABLE_NS_ASSERTIONS = NO;
				ENABLE_STRICT_OBJC_MSGSEND = YES;
				GCC_C_LANGUAGE_STANDARD = gnu99;
				GCC_NO_COMMON_BLOCKS = YES;
				GCC_WARN_64_TO_32_BIT_CONVERSION = YES;
				GCC_WARN_ABOUT_RETURN_TYPE = YES_ERROR;
				GCC_WARN_UNDECLARED_SELECTOR = YES;
				GCC_WARN_UNINITIALIZED_AUTOS = YES_AGGRESSIVE;
				GCC_WARN_UNUSED_FUNCTION = YES;
				GCC_WARN_UNUSED_VARIABLE = YES;
				IPHONEOS_DEPLOYMENT_TARGET = 8.3;
				MTL_ENABLE_DEBUG_INFO = NO;
				SDKROOT = iphoneos;
				VALIDATE_PRODUCT = YES;
			};
			name = Release;
		};
		B95B2EC51B0C64AE00B1C81E /* Debug */ = {
			isa = XCBuildConfiguration;
			buildSettings = {
				ASSETCATALOG_COMPILER_APPICON_NAME = AppIcon;
				INFOPLIST_FILE = HDKitDemo/Info.plist;
				LD_RUNPATH_SEARCH_PATHS = "$(inherited) @executable_path/Frameworks";
				PRODUCT_NAME = "$(TARGET_NAME)";
			};
			name = Debug;
		};
		B95B2EC61B0C64AE00B1C81E /* Release */ = {
			isa = XCBuildConfiguration;
			buildSettings = {
				ASSETCATALOG_COMPILER_APPICON_NAME = AppIcon;
				INFOPLIST_FILE = HDKitDemo/Info.plist;
				LD_RUNPATH_SEARCH_PATHS = "$(inherited) @executable_path/Frameworks";
				PRODUCT_NAME = "$(TARGET_NAME)";
			};
			name = Release;
		};
		B95B2EC81B0C64AE00B1C81E /* Debug */ = {
			isa = XCBuildConfiguration;
			buildSettings = {
				BUNDLE_LOADER = "$(TEST_HOST)";
				FRAMEWORK_SEARCH_PATHS = (
					"$(SDKROOT)/Developer/Library/Frameworks",
					"$(inherited)",
				);
				GCC_PREPROCESSOR_DEFINITIONS = (
					"DEBUG=1",
					"$(inherited)",
				);
				INFOPLIST_FILE = HDKitDemoTests/Info.plist;
				LD_RUNPATH_SEARCH_PATHS = "$(inherited) @executable_path/Frameworks @loader_path/Frameworks";
				PRODUCT_NAME = "$(TARGET_NAME)";
				TEST_HOST = "$(BUILT_PRODUCTS_DIR)/HDKitDemo.app/HDKitDemo";
			};
			name = Debug;
		};
		B95B2EC91B0C64AE00B1C81E /* Release */ = {
			isa = XCBuildConfiguration;
			buildSettings = {
				BUNDLE_LOADER = "$(TEST_HOST)";
				FRAMEWORK_SEARCH_PATHS = (
					"$(SDKROOT)/Developer/Library/Frameworks",
					"$(inherited)",
				);
				INFOPLIST_FILE = HDKitDemoTests/Info.plist;
				LD_RUNPATH_SEARCH_PATHS = "$(inherited) @executable_path/Frameworks @loader_path/Frameworks";
				PRODUCT_NAME = "$(TARGET_NAME)";
				TEST_HOST = "$(BUILT_PRODUCTS_DIR)/HDKitDemo.app/HDKitDemo";
			};
			name = Release;
		};
/* End XCBuildConfiguration section */

/* Begin XCConfigurationList section */
		B95B2E9C1B0C64AE00B1C81E /* Build configuration list for PBXProject "HDKitDemo" */ = {
			isa = XCConfigurationList;
			buildConfigurations = (
				B95B2EC21B0C64AE00B1C81E /* Debug */,
				B95B2EC31B0C64AE00B1C81E /* Release */,
			);
			defaultConfigurationIsVisible = 0;
			defaultConfigurationName = Release;
		};
		B95B2EC41B0C64AE00B1C81E /* Build configuration list for PBXNativeTarget "HDKitDemo" */ = {
			isa = XCConfigurationList;
			buildConfigurations = (
				B95B2EC51B0C64AE00B1C81E /* Debug */,
				B95B2EC61B0C64AE00B1C81E /* Release */,
			);
			defaultConfigurationIsVisible = 0;
			defaultConfigurationName = Release;
		};
		B95B2EC71B0C64AE00B1C81E /* Build configuration list for PBXNativeTarget "HDKitDemoTests" */ = {
			isa = XCConfigurationList;
			buildConfigurations = (
				B95B2EC81B0C64AE00B1C81E /* Debug */,
				B95B2EC91B0C64AE00B1C81E /* Release */,
			);
			defaultConfigurationIsVisible = 0;
			defaultConfigurationName = Release;
		};
/* End XCConfigurationList section */
	};
	rootObject = B95B2E991B0C64AE00B1C81E /* Project object */;
}
