// !$*UTF8*$!
{
	archiveVersion = 1;
	classes = {
	};
	objectVersion = 46;
	objects = {

/* Begin PBXAggregateTarget section */
		BADE9E181B847C8D0019D53C /* UniversaliOSFramework */ = {
			isa = PBXAggregateTarget;
			buildConfigurationList = BADE9E191B847C8D0019D53C /* Build configuration list for PBXAggregateTarget "UniversaliOSFramework" */;
			buildPhases = (
				BADE9E1C1B847CAA0019D53C /* ShellScript */,
			);
			dependencies = (
			);
			name = UniversaliOSFramework;
			productName = UniversaliOSFramework;
		};
/* End PBXAggregateTarget section */

/* Begin PBXBuildFile section */
		B95B2EA71B0C64AE00B1C81E /* main.m in Sources */ = {isa = PBXBuildFile; fileRef = B95B2EA61B0C64AE00B1C81E /* main.m */; };
		B95B2EAA1B0C64AE00B1C81E /* AppDelegate.m in Sources */ = {isa = PBXBuildFile; fileRef = B95B2EA91B0C64AE00B1C81E /* AppDelegate.m */; };
		B95B2EAD1B0C64AE00B1C81E /* ViewController.m in Sources */ = {isa = PBXBuildFile; fileRef = B95B2EAC1B0C64AE00B1C81E /* ViewController.m */; };
		B95B2EB01B0C64AE00B1C81E /* Main.storyboard in Resources */ = {isa = PBXBuildFile; fileRef = B95B2EAE1B0C64AE00B1C81E /* Main.storyboard */; };
		B95B2EB21B0C64AE00B1C81E /* Images.xcassets in Resources */ = {isa = PBXBuildFile; fileRef = B95B2EB11B0C64AE00B1C81E /* Images.xcassets */; };
		B95B2EB51B0C64AE00B1C81E /* LaunchScreen.xib in Resources */ = {isa = PBXBuildFile; fileRef = B95B2EB31B0C64AE00B1C81E /* LaunchScreen.xib */; };
		B95B2EC11B0C64AE00B1C81E /* HDKitDemoTests.m in Sources */ = {isa = PBXBuildFile; fileRef = B95B2EC01B0C64AE00B1C81E /* HDKitDemoTests.m */; };
		B95B2ED21B0C6FCE00B1C81E /* HDKit.strings in Resources */ = {isa = PBXBuildFile; fileRef = B95B2ED11B0C6FCE00B1C81E /* HDKit.strings */; };
		B95B2ED51B0C701E00B1C81E /* NSString+HDKit.m in Sources */ = {isa = PBXBuildFile; fileRef = B95B2ED41B0C701E00B1C81E /* NSString+HDKit.m */; };
		B95B2ED81B0C7A2F00B1C81E /* UIView+HDKit.m in Sources */ = {isa = PBXBuildFile; fileRef = B95B2ED71B0C7A2F00B1C81E /* UIView+HDKit.m */; };
		B95B2EDB1B0C7F2E00B1C81E /* UIImage+HDKit.m in Sources */ = {isa = PBXBuildFile; fileRef = B95B2EDA1B0C7F2E00B1C81E /* UIImage+HDKit.m */; };
		B95B2EDE1B0C87E800B1C81E /* NSObject+HDKit.m in Sources */ = {isa = PBXBuildFile; fileRef = B95B2EDD1B0C87E800B1C81E /* NSObject+HDKit.m */; };
		B9A552531B0D83CD0012551D /* NSArray+HDKit.m in Sources */ = {isa = PBXBuildFile; fileRef = B9A552521B0D83CD0012551D /* NSArray+HDKit.m */; };
		B9A552561B0D85AC0012551D /* NSDictionary+HDKit.m in Sources */ = {isa = PBXBuildFile; fileRef = B9A552551B0D85AC0012551D /* NSDictionary+HDKit.m */; };
		B9A552691B0D87260012551D /* NSMutableDictionary+HDKit.m in Sources */ = {isa = PBXBuildFile; fileRef = B9A552681B0D87260012551D /* NSMutableDictionary+HDKit.m */; };
		B9A5526C1B0DDE570012551D /* NSDate+HDKit.m in Sources */ = {isa = PBXBuildFile; fileRef = B9A5526B1B0DDE570012551D /* NSDate+HDKit.m */; };
		BA1C26241B9FCAE400CC29CC /* UIFont+HDKit.m in Sources */ = {isa = PBXBuildFile; fileRef = BA1C26231B9FCAE400CC29CC /* UIFont+HDKit.m */; };
		BA1C26271B9FD08F00CC29CC /* UIBezierPath+HDKit.h in Headers */ = {isa = PBXBuildFile; fileRef = BA1C26251B9FD08F00CC29CC /* UIBezierPath+HDKit.h */; };
		BA1C26281B9FD08F00CC29CC /* UIBezierPath+HDKit.m in Sources */ = {isa = PBXBuildFile; fileRef = BA1C26261B9FD08F00CC29CC /* UIBezierPath+HDKit.m */; };
		BA1C26291B9FD08F00CC29CC /* UIBezierPath+HDKit.m in Sources */ = {isa = PBXBuildFile; fileRef = BA1C26261B9FD08F00CC29CC /* UIBezierPath+HDKit.m */; };
		BA1C262A1B9FD09600CC29CC /* UIFont+HDKit.m in Sources */ = {isa = PBXBuildFile; fileRef = BA1C26231B9FCAE400CC29CC /* UIFont+HDKit.m */; };
		BA1C26441B9FD4B900CC29CC /* NSMutableAttributedString+HDKit.h in Headers */ = {isa = PBXBuildFile; fileRef = BA1C26421B9FD4B900CC29CC /* NSMutableAttributedString+HDKit.h */; };
		BA1C26451B9FD4B900CC29CC /* NSMutableAttributedString+HDKit.m in Sources */ = {isa = PBXBuildFile; fileRef = BA1C26431B9FD4B900CC29CC /* NSMutableAttributedString+HDKit.m */; };
		BA1C26461B9FD4B900CC29CC /* NSMutableAttributedString+HDKit.m in Sources */ = {isa = PBXBuildFile; fileRef = BA1C26431B9FD4B900CC29CC /* NSMutableAttributedString+HDKit.m */; };
		BA1C264E1B9FD51200CC29CC /* NSParagraphStyle+HDKit.h in Headers */ = {isa = PBXBuildFile; fileRef = BA1C264C1B9FD51200CC29CC /* NSParagraphStyle+HDKit.h */; };
		BA1C264F1B9FD51200CC29CC /* NSParagraphStyle+HDKit.m in Sources */ = {isa = PBXBuildFile; fileRef = BA1C264D1B9FD51200CC29CC /* NSParagraphStyle+HDKit.m */; };
		BA1C26501B9FD51200CC29CC /* NSParagraphStyle+HDKit.m in Sources */ = {isa = PBXBuildFile; fileRef = BA1C264D1B9FD51200CC29CC /* NSParagraphStyle+HDKit.m */; };
		BA1C26581B9FD54D00CC29CC /* HDTextRunDelegate.h in Headers */ = {isa = PBXBuildFile; fileRef = BA1C26561B9FD54D00CC29CC /* HDTextRunDelegate.h */; };
		BA1C26591B9FD54D00CC29CC /* HDTextRunDelegate.m in Sources */ = {isa = PBXBuildFile; fileRef = BA1C26571B9FD54D00CC29CC /* HDTextRunDelegate.m */; };
		BA1C265A1B9FD54D00CC29CC /* HDTextRunDelegate.m in Sources */ = {isa = PBXBuildFile; fileRef = BA1C26571B9FD54D00CC29CC /* HDTextRunDelegate.m */; };
		BA1C265D1B9FD6F700CC29CC /* HDWeakProxy.h in Headers */ = {isa = PBXBuildFile; fileRef = BA1C265B1B9FD6F700CC29CC /* HDWeakProxy.h */; };
		BA1C265E1B9FD6F700CC29CC /* HDWeakProxy.m in Sources */ = {isa = PBXBuildFile; fileRef = BA1C265C1B9FD6F700CC29CC /* HDWeakProxy.m */; };
		BA1C265F1B9FD6F700CC29CC /* HDWeakProxy.m in Sources */ = {isa = PBXBuildFile; fileRef = BA1C265C1B9FD6F700CC29CC /* HDWeakProxy.m */; };
		BA1C26621B9FD71300CC29CC /* HDKeychain.h in Headers */ = {isa = PBXBuildFile; fileRef = BA1C26601B9FD71300CC29CC /* HDKeychain.h */; };
		BA1C26631B9FD71300CC29CC /* HDKeychain.m in Sources */ = {isa = PBXBuildFile; fileRef = BA1C26611B9FD71300CC29CC /* HDKeychain.m */; };
		BA1C26641B9FD71300CC29CC /* HDKeychain.m in Sources */ = {isa = PBXBuildFile; fileRef = BA1C26611B9FD71300CC29CC /* HDKeychain.m */; };
		BA4467691B54AA5600670260 /* NSAttributedString+HDKit.m in Sources */ = {isa = PBXBuildFile; fileRef = BA4467681B54AA5600670260 /* NSAttributedString+HDKit.m */; };
		BA44676C1B54B2E800670260 /* NSTimer+HDKit.m in Sources */ = {isa = PBXBuildFile; fileRef = BA44676B1B54B2E800670260 /* NSTimer+HDKit.m */; };
		BA44676F1B54B58C00670260 /* UIColor+HDKit.m in Sources */ = {isa = PBXBuildFile; fileRef = BA44676E1B54B58C00670260 /* UIColor+HDKit.m */; };
		BA5811051B54E3D100B0518E /* UIResponder+HDKit.m in Sources */ = {isa = PBXBuildFile; fileRef = BA5811041B54E3D100B0518E /* UIResponder+HDKit.m */; };
		BA5811081B54E5C400B0518E /* UIScrollView+HDKit.m in Sources */ = {isa = PBXBuildFile; fileRef = BA5811071B54E5C400B0518E /* UIScrollView+HDKit.m */; };
		BA58110B1B54F4AE00B0518E /* UIViewController+HDKit.m in Sources */ = {isa = PBXBuildFile; fileRef = BA58110A1B54F4AE00B0518E /* UIViewController+HDKit.m */; };
		BAA991661B85BC3000518C8A /* NSError+HDKit.m in Sources */ = {isa = PBXBuildFile; fileRef = BAA991651B85BC3000518C8A /* NSError+HDKit.m */; };
		BAAA16211B997560000231A9 /* HDCache.h in Headers */ = {isa = PBXBuildFile; fileRef = BAAA161F1B997560000231A9 /* HDCache.h */; };
		BAAA16221B997560000231A9 /* HDCache.m in Sources */ = {isa = PBXBuildFile; fileRef = BAAA16201B997560000231A9 /* HDCache.m */; };
		BAAA16231B997560000231A9 /* HDCache.m in Sources */ = {isa = PBXBuildFile; fileRef = BAAA16201B997560000231A9 /* HDCache.m */; };
		BAAA16261B999943000231A9 /* NSMutableArray+HDKit.h in Headers */ = {isa = PBXBuildFile; fileRef = BAAA16241B999943000231A9 /* NSMutableArray+HDKit.h */; };
		BAAA16271B999943000231A9 /* NSMutableArray+HDKit.m in Sources */ = {isa = PBXBuildFile; fileRef = BAAA16251B999943000231A9 /* NSMutableArray+HDKit.m */; };
		BAAA16281B999943000231A9 /* NSMutableArray+HDKit.m in Sources */ = {isa = PBXBuildFile; fileRef = BAAA16251B999943000231A9 /* NSMutableArray+HDKit.m */; };
		BAAA162B1B999C72000231A9 /* NSNumber+HDKit.h in Headers */ = {isa = PBXBuildFile; fileRef = BAAA16291B999C72000231A9 /* NSNumber+HDKit.h */; };
		BAAA162C1B999C72000231A9 /* NSNumber+HDKit.m in Sources */ = {isa = PBXBuildFile; fileRef = BAAA162A1B999C72000231A9 /* NSNumber+HDKit.m */; };
		BAAA162D1B999C72000231A9 /* NSNumber+HDKit.m in Sources */ = {isa = PBXBuildFile; fileRef = BAAA162A1B999C72000231A9 /* NSNumber+HDKit.m */; };
		BACF17FA1B5F72BE004C029A /* UIDevice+HDKit.m in Sources */ = {isa = PBXBuildFile; fileRef = BACF17F91B5F72BE004C029A /* UIDevice+HDKit.m */; };
		BACF17FD1B5F735E004C029A /* UIScreen+HDKit.m in Sources */ = {isa = PBXBuildFile; fileRef = BACF17FC1B5F735E004C029A /* UIScreen+HDKit.m */; };
		BACF18001B5F851F004C029A /* UIButton+HDKit.m in Sources */ = {isa = PBXBuildFile; fileRef = BACF17FF1B5F851F004C029A /* UIButton+HDKit.m */; };
		BACF18031B5F88A4004C029A /* UIApplication+HDKit.m in Sources */ = {isa = PBXBuildFile; fileRef = BACF18021B5F88A4004C029A /* UIApplication+HDKit.m */; };
		BACF18081B5F8BB1004C029A /* NSBundle+HDKit.m in Sources */ = {isa = PBXBuildFile; fileRef = BACF18071B5F8BB1004C029A /* NSBundle+HDKit.m */; };
		BADE9D721B8453E10019D53C /* NSString+HDKit.m in Sources */ = {isa = PBXBuildFile; fileRef = B95B2ED41B0C701E00B1C81E /* NSString+HDKit.m */; };
		BADE9D731B8453E10019D53C /* NSObject+HDKit.m in Sources */ = {isa = PBXBuildFile; fileRef = B95B2EDD1B0C87E800B1C81E /* NSObject+HDKit.m */; };
		BADE9D741B8453E10019D53C /* NSArray+HDKit.m in Sources */ = {isa = PBXBuildFile; fileRef = B9A552521B0D83CD0012551D /* NSArray+HDKit.m */; };
		BADE9D751B8453E10019D53C /* NSDictionary+HDKit.m in Sources */ = {isa = PBXBuildFile; fileRef = B9A552551B0D85AC0012551D /* NSDictionary+HDKit.m */; };
		BADE9D761B8453E20019D53C /* NSMutableDictionary+HDKit.m in Sources */ = {isa = PBXBuildFile; fileRef = B9A552681B0D87260012551D /* NSMutableDictionary+HDKit.m */; };
		BADE9D771B8453E20019D53C /* NSDate+HDKit.m in Sources */ = {isa = PBXBuildFile; fileRef = B9A5526B1B0DDE570012551D /* NSDate+HDKit.m */; };
		BADE9D781B8453E20019D53C /* NSAttributedString+HDKit.m in Sources */ = {isa = PBXBuildFile; fileRef = BA4467681B54AA5600670260 /* NSAttributedString+HDKit.m */; };
		BADE9D791B8453E20019D53C /* NSTimer+HDKit.m in Sources */ = {isa = PBXBuildFile; fileRef = BA44676B1B54B2E800670260 /* NSTimer+HDKit.m */; };
		BADE9D7A1B8453E20019D53C /* NSBundle+HDKit.m in Sources */ = {isa = PBXBuildFile; fileRef = BACF18071B5F8BB1004C029A /* NSBundle+HDKit.m */; };
		BADE9D7B1B8453E20019D53C /* NSData+HDKit.m in Sources */ = {isa = PBXBuildFile; fileRef = BAEF6CA51B71B654008D342E /* NSData+HDKit.m */; };
		BADE9D7C1B8453E20019D53C /* CALayer+HDKit.m in Sources */ = {isa = PBXBuildFile; fileRef = BAF130CA1B7050CC006E5AA4 /* CALayer+HDKit.m */; };
		BADE9D7D1B8453E20019D53C /* UIView+HDKit.m in Sources */ = {isa = PBXBuildFile; fileRef = B95B2ED71B0C7A2F00B1C81E /* UIView+HDKit.m */; };
		BADE9D7E1B8453E20019D53C /* UIImage+HDKit.m in Sources */ = {isa = PBXBuildFile; fileRef = B95B2EDA1B0C7F2E00B1C81E /* UIImage+HDKit.m */; };
		BADE9D7F1B8453E20019D53C /* UIColor+HDKit.m in Sources */ = {isa = PBXBuildFile; fileRef = BA44676E1B54B58C00670260 /* UIColor+HDKit.m */; };
		BADE9D801B8453E20019D53C /* UIResponder+HDKit.m in Sources */ = {isa = PBXBuildFile; fileRef = BA5811041B54E3D100B0518E /* UIResponder+HDKit.m */; };
		BADE9D811B8453E20019D53C /* UIScrollView+HDKit.m in Sources */ = {isa = PBXBuildFile; fileRef = BA5811071B54E5C400B0518E /* UIScrollView+HDKit.m */; };
		BADE9D821B8453E20019D53C /* UIViewController+HDKit.m in Sources */ = {isa = PBXBuildFile; fileRef = BA58110A1B54F4AE00B0518E /* UIViewController+HDKit.m */; };
		BADE9D831B8453E20019D53C /* UIDevice+HDKit.m in Sources */ = {isa = PBXBuildFile; fileRef = BACF17F91B5F72BE004C029A /* UIDevice+HDKit.m */; };
		BADE9D841B8453E20019D53C /* UIScreen+HDKit.m in Sources */ = {isa = PBXBuildFile; fileRef = BACF17FC1B5F735E004C029A /* UIScreen+HDKit.m */; };
		BADE9D851B8453E20019D53C /* UIButton+HDKit.m in Sources */ = {isa = PBXBuildFile; fileRef = BACF17FF1B5F851F004C029A /* UIButton+HDKit.m */; };
		BADE9D861B8453E20019D53C /* UIApplication+HDKit.m in Sources */ = {isa = PBXBuildFile; fileRef = BACF18021B5F88A4004C029A /* UIApplication+HDKit.m */; };
		BADE9D871B8453E20019D53C /* HDBorderView.m in Sources */ = {isa = PBXBuildFile; fileRef = BAE2A1D61B81D957000E4ED9 /* HDBorderView.m */; };
		BADE9D891B8454D80019D53C /* NSString+HDKit.h in Headers */ = {isa = PBXBuildFile; fileRef = B95B2ED31B0C701E00B1C81E /* NSString+HDKit.h */; settings = {ATTRIBUTES = (Public, ); }; };
		BADE9D8A1B8454DC0019D53C /* NSObject+HDKit.h in Headers */ = {isa = PBXBuildFile; fileRef = B95B2EDC1B0C87E800B1C81E /* NSObject+HDKit.h */; settings = {ATTRIBUTES = (Public, ); }; };
		BADE9D8B1B8454DF0019D53C /* NSArray+HDKit.h in Headers */ = {isa = PBXBuildFile; fileRef = B9A552511B0D83CD0012551D /* NSArray+HDKit.h */; settings = {ATTRIBUTES = (Public, ); }; };
		BADE9D8C1B8454E30019D53C /* NSDictionary+HDKit.h in Headers */ = {isa = PBXBuildFile; fileRef = B9A552541B0D85AC0012551D /* NSDictionary+HDKit.h */; settings = {ATTRIBUTES = (Public, ); }; };
		BADE9D8D1B8454EF0019D53C /* NSMutableDictionary+HDKit.h in Headers */ = {isa = PBXBuildFile; fileRef = B9A552671B0D87260012551D /* NSMutableDictionary+HDKit.h */; settings = {ATTRIBUTES = (Public, ); }; };
		BADE9D8E1B8454F20019D53C /* NSDate+HDKit.h in Headers */ = {isa = PBXBuildFile; fileRef = B9A5526A1B0DDE570012551D /* NSDate+HDKit.h */; settings = {ATTRIBUTES = (Public, ); }; };
		BADE9D8F1B8454FA0019D53C /* NSAttributedString+HDKit.h in Headers */ = {isa = PBXBuildFile; fileRef = BA4467671B54AA5600670260 /* NSAttributedString+HDKit.h */; settings = {ATTRIBUTES = (Public, ); }; };
		BADE9D901B8455030019D53C /* NSTimer+HDKit.h in Headers */ = {isa = PBXBuildFile; fileRef = BA44676A1B54B2E800670260 /* NSTimer+HDKit.h */; settings = {ATTRIBUTES = (Public, ); }; };
		BADE9D911B8455070019D53C /* NSBundle+HDKit.h in Headers */ = {isa = PBXBuildFile; fileRef = BACF18061B5F8BB1004C029A /* NSBundle+HDKit.h */; settings = {ATTRIBUTES = (Public, ); }; };
		BADE9D921B84550A0019D53C /* NSData+HDKit.h in Headers */ = {isa = PBXBuildFile; fileRef = BAEF6CA41B71B654008D342E /* NSData+HDKit.h */; settings = {ATTRIBUTES = (Public, ); }; };
		BADE9D931B84550F0019D53C /* CALayer+HDKit.h in Headers */ = {isa = PBXBuildFile; fileRef = BAF130C91B7050CC006E5AA4 /* CALayer+HDKit.h */; settings = {ATTRIBUTES = (Public, ); }; };
		BADE9D941B8455120019D53C /* UIView+HDKit.h in Headers */ = {isa = PBXBuildFile; fileRef = B95B2ED61B0C7A2F00B1C81E /* UIView+HDKit.h */; settings = {ATTRIBUTES = (Public, ); }; };
		BADE9D951B8455150019D53C /* UIImage+HDKit.h in Headers */ = {isa = PBXBuildFile; fileRef = B95B2ED91B0C7F2E00B1C81E /* UIImage+HDKit.h */; settings = {ATTRIBUTES = (Public, ); }; };
		BADE9D961B8455170019D53C /* UIColor+HDKit.h in Headers */ = {isa = PBXBuildFile; fileRef = BA44676D1B54B58C00670260 /* UIColor+HDKit.h */; settings = {ATTRIBUTES = (Public, ); }; };
		BADE9D971B84551B0019D53C /* UIResponder+HDKit.h in Headers */ = {isa = PBXBuildFile; fileRef = BA5811031B54E3D100B0518E /* UIResponder+HDKit.h */; settings = {ATTRIBUTES = (Public, ); }; };
		BADE9D981B84551E0019D53C /* UIScrollView+HDKit.h in Headers */ = {isa = PBXBuildFile; fileRef = BA5811061B54E5C400B0518E /* UIScrollView+HDKit.h */; settings = {ATTRIBUTES = (Public, ); }; };
		BADE9D991B8455240019D53C /* UIViewController+HDKit.h in Headers */ = {isa = PBXBuildFile; fileRef = BA5811091B54F4AE00B0518E /* UIViewController+HDKit.h */; settings = {ATTRIBUTES = (Public, ); }; };
		BADE9D9A1B84552B0019D53C /* UIDevice+HDKit.h in Headers */ = {isa = PBXBuildFile; fileRef = BACF17F81B5F72BE004C029A /* UIDevice+HDKit.h */; settings = {ATTRIBUTES = (Public, ); }; };
		BADE9D9B1B84552E0019D53C /* UIScreen+HDKit.h in Headers */ = {isa = PBXBuildFile; fileRef = BACF17FB1B5F735E004C029A /* UIScreen+HDKit.h */; settings = {ATTRIBUTES = (Public, ); }; };
		BADE9D9C1B8455350019D53C /* UIButton+HDKit.h in Headers */ = {isa = PBXBuildFile; fileRef = BACF17FE1B5F851F004C029A /* UIButton+HDKit.h */; settings = {ATTRIBUTES = (Public, ); }; };
		BADE9D9D1B8455390019D53C /* UIApplication+HDKit.h in Headers */ = {isa = PBXBuildFile; fileRef = BACF18011B5F88A4004C029A /* UIApplication+HDKit.h */; settings = {ATTRIBUTES = (Public, ); }; };
		BADE9D9E1B8455420019D53C /* HDBorderView.h in Headers */ = {isa = PBXBuildFile; fileRef = BAE2A1D51B81D957000E4ED9 /* HDBorderView.h */; settings = {ATTRIBUTES = (Public, ); }; };
		BADE9D9F1B8455460019D53C /* HDGlobalMacros.h in Headers */ = {isa = PBXBuildFile; fileRef = BACF18041B5F8AC3004C029A /* HDGlobalMacros.h */; settings = {ATTRIBUTES = (Public, ); }; };
		BADE9DA01B8455500019D53C /* HDPathMacros.h in Headers */ = {isa = PBXBuildFile; fileRef = BACF18051B5F8AD9004C029A /* HDPathMacros.h */; settings = {ATTRIBUTES = (Public, ); }; };
		BADE9DA11B8455530019D53C /* HDKit.h in Headers */ = {isa = PBXBuildFile; fileRef = B95B2ECF1B0C64CF00B1C81E /* HDKit.h */; settings = {ATTRIBUTES = (Public, ); }; };
		BADE9DF31B846B320019D53C /* Images.xcassets in Resources */ = {isa = PBXBuildFile; fileRef = B95B2EB11B0C64AE00B1C81E /* Images.xcassets */; };
		BAE2A1D71B81D957000E4ED9 /* HDBorderView.m in Sources */ = {isa = PBXBuildFile; fileRef = BAE2A1D61B81D957000E4ED9 /* HDBorderView.m */; };
		BAEF6CA61B71B654008D342E /* NSData+HDKit.m in Sources */ = {isa = PBXBuildFile; fileRef = BAEF6CA51B71B654008D342E /* NSData+HDKit.m */; };
		BAF130CB1B7050CC006E5AA4 /* CALayer+HDKit.m in Sources */ = {isa = PBXBuildFile; fileRef = BAF130CA1B7050CC006E5AA4 /* CALayer+HDKit.m */; };
		BAF4C84C1B9E85D90065CAE3 /* libz.dylib in Frameworks */ = {isa = PBXBuildFile; fileRef = BAF4C84B1B9E85D90065CAE3 /* libz.dylib */; };
		BAF4C84F1B9E885D0065CAE3 /* UIControl+HDKit.m in Sources */ = {isa = PBXBuildFile; fileRef = BAF4C84E1B9E885D0065CAE3 /* UIControl+HDKit.m */; };
		BAF4C8501B9E886D0065CAE3 /* UIControl+HDKit.m in Sources */ = {isa = PBXBuildFile; fileRef = BAF4C84E1B9E885D0065CAE3 /* UIControl+HDKit.m */; };
		BAF4C8531B9ED9E80065CAE3 /* UIBarButtonItem+HDKit.h in Headers */ = {isa = PBXBuildFile; fileRef = BAF4C8511B9ED9E80065CAE3 /* UIBarButtonItem+HDKit.h */; };
		BAF4C8541B9ED9E80065CAE3 /* UIBarButtonItem+HDKit.m in Sources */ = {isa = PBXBuildFile; fileRef = BAF4C8521B9ED9E80065CAE3 /* UIBarButtonItem+HDKit.m */; };
		BAF4C8551B9ED9E80065CAE3 /* UIBarButtonItem+HDKit.m in Sources */ = {isa = PBXBuildFile; fileRef = BAF4C8521B9ED9E80065CAE3 /* UIBarButtonItem+HDKit.m */; };
		BAF4C8581B9EDB190065CAE3 /* UIGestureRecognizer+HDKit.h in Headers */ = {isa = PBXBuildFile; fileRef = BAF4C8561B9EDB190065CAE3 /* UIGestureRecognizer+HDKit.h */; };
		BAF4C8591B9EDB190065CAE3 /* UIGestureRecognizer+HDKit.m in Sources */ = {isa = PBXBuildFile; fileRef = BAF4C8571B9EDB190065CAE3 /* UIGestureRecognizer+HDKit.m */; };
		BAF4C85A1B9EDB190065CAE3 /* UIGestureRecognizer+HDKit.m in Sources */ = {isa = PBXBuildFile; fileRef = BAF4C8571B9EDB190065CAE3 /* UIGestureRecognizer+HDKit.m */; };
		BAF4C85D1B9EDEBC0065CAE3 /* UITextField+HDKit.h in Headers */ = {isa = PBXBuildFile; fileRef = BAF4C85B1B9EDEBC0065CAE3 /* UITextField+HDKit.h */; };
		BAF4C85E1B9EDEBC0065CAE3 /* UITextField+HDKit.m in Sources */ = {isa = PBXBuildFile; fileRef = BAF4C85C1B9EDEBC0065CAE3 /* UITextField+HDKit.m */; };
		BAF4C85F1B9EDEBC0065CAE3 /* UITextField+HDKit.m in Sources */ = {isa = PBXBuildFile; fileRef = BAF4C85C1B9EDEBC0065CAE3 /* UITextField+HDKit.m */; };
/* End PBXBuildFile section */

/* Begin PBXContainerItemProxy section */
		B95B2EBB1B0C64AE00B1C81E /* PBXContainerItemProxy */ = {
			isa = PBXContainerItemProxy;
			containerPortal = B95B2E991B0C64AE00B1C81E /* Project object */;
			proxyType = 1;
			remoteGlobalIDString = B95B2EA01B0C64AE00B1C81E;
			remoteInfo = HDKitDemo;
		};
/* End PBXContainerItemProxy section */

/* Begin PBXFileReference section */
		B95B2EA11B0C64AE00B1C81E /* HDKitDemo.app */ = {isa = PBXFileReference; explicitFileType = wrapper.application; includeInIndex = 0; path = HDKitDemo.app; sourceTree = BUILT_PRODUCTS_DIR; };
		B95B2EA51B0C64AE00B1C81E /* Info.plist */ = {isa = PBXFileReference; lastKnownFileType = text.plist.xml; path = Info.plist; sourceTree = "<group>"; };
		B95B2EA61B0C64AE00B1C81E /* main.m */ = {isa = PBXFileReference; lastKnownFileType = sourcecode.c.objc; path = main.m; sourceTree = "<group>"; };
		B95B2EA81B0C64AE00B1C81E /* AppDelegate.h */ = {isa = PBXFileReference; lastKnownFileType = sourcecode.c.h; path = AppDelegate.h; sourceTree = "<group>"; };
		B95B2EA91B0C64AE00B1C81E /* AppDelegate.m */ = {isa = PBXFileReference; lastKnownFileType = sourcecode.c.objc; path = AppDelegate.m; sourceTree = "<group>"; };
		B95B2EAB1B0C64AE00B1C81E /* ViewController.h */ = {isa = PBXFileReference; lastKnownFileType = sourcecode.c.h; path = ViewController.h; sourceTree = "<group>"; };
		B95B2EAC1B0C64AE00B1C81E /* ViewController.m */ = {isa = PBXFileReference; lastKnownFileType = sourcecode.c.objc; path = ViewController.m; sourceTree = "<group>"; };
		B95B2EAF1B0C64AE00B1C81E /* Base */ = {isa = PBXFileReference; lastKnownFileType = file.storyboard; name = Base; path = Base.lproj/Main.storyboard; sourceTree = "<group>"; };
		B95B2EB11B0C64AE00B1C81E /* Images.xcassets */ = {isa = PBXFileReference; lastKnownFileType = folder.assetcatalog; path = Images.xcassets; sourceTree = "<group>"; };
		B95B2EB41B0C64AE00B1C81E /* Base */ = {isa = PBXFileReference; lastKnownFileType = file.xib; name = Base; path = Base.lproj/LaunchScreen.xib; sourceTree = "<group>"; };
		B95B2EBA1B0C64AE00B1C81E /* HDKitDemoTests.xctest */ = {isa = PBXFileReference; explicitFileType = wrapper.cfbundle; includeInIndex = 0; path = HDKitDemoTests.xctest; sourceTree = BUILT_PRODUCTS_DIR; };
		B95B2EBF1B0C64AE00B1C81E /* Info.plist */ = {isa = PBXFileReference; lastKnownFileType = text.plist.xml; path = Info.plist; sourceTree = "<group>"; };
		B95B2EC01B0C64AE00B1C81E /* HDKitDemoTests.m */ = {isa = PBXFileReference; lastKnownFileType = sourcecode.c.objc; path = HDKitDemoTests.m; sourceTree = "<group>"; };
		B95B2ECF1B0C64CF00B1C81E /* HDKit.h */ = {isa = PBXFileReference; fileEncoding = 4; lastKnownFileType = sourcecode.c.h; path = HDKit.h; sourceTree = "<group>"; };
		B95B2ED11B0C6FCE00B1C81E /* HDKit.strings */ = {isa = PBXFileReference; fileEncoding = 4; lastKnownFileType = text.plist.strings; path = HDKit.strings; sourceTree = "<group>"; };
		B95B2ED31B0C701E00B1C81E /* NSString+HDKit.h */ = {isa = PBXFileReference; fileEncoding = 4; lastKnownFileType = sourcecode.c.h; path = "NSString+HDKit.h"; sourceTree = "<group>"; };
		B95B2ED41B0C701E00B1C81E /* NSString+HDKit.m */ = {isa = PBXFileReference; fileEncoding = 4; lastKnownFileType = sourcecode.c.objc; path = "NSString+HDKit.m"; sourceTree = "<group>"; };
		B95B2ED61B0C7A2F00B1C81E /* UIView+HDKit.h */ = {isa = PBXFileReference; fileEncoding = 4; lastKnownFileType = sourcecode.c.h; path = "UIView+HDKit.h"; sourceTree = "<group>"; };
		B95B2ED71B0C7A2F00B1C81E /* UIView+HDKit.m */ = {isa = PBXFileReference; fileEncoding = 4; lastKnownFileType = sourcecode.c.objc; path = "UIView+HDKit.m"; sourceTree = "<group>"; };
		B95B2ED91B0C7F2E00B1C81E /* UIImage+HDKit.h */ = {isa = PBXFileReference; fileEncoding = 4; lastKnownFileType = sourcecode.c.h; path = "UIImage+HDKit.h"; sourceTree = "<group>"; };
		B95B2EDA1B0C7F2E00B1C81E /* UIImage+HDKit.m */ = {isa = PBXFileReference; fileEncoding = 4; lastKnownFileType = sourcecode.c.objc; path = "UIImage+HDKit.m"; sourceTree = "<group>"; };
		B95B2EDC1B0C87E800B1C81E /* NSObject+HDKit.h */ = {isa = PBXFileReference; fileEncoding = 4; lastKnownFileType = sourcecode.c.h; path = "NSObject+HDKit.h"; sourceTree = "<group>"; };
		B95B2EDD1B0C87E800B1C81E /* NSObject+HDKit.m */ = {isa = PBXFileReference; fileEncoding = 4; lastKnownFileType = sourcecode.c.objc; path = "NSObject+HDKit.m"; sourceTree = "<group>"; };
		B9A552511B0D83CD0012551D /* NSArray+HDKit.h */ = {isa = PBXFileReference; fileEncoding = 4; lastKnownFileType = sourcecode.c.h; path = "NSArray+HDKit.h"; sourceTree = "<group>"; };
		B9A552521B0D83CD0012551D /* NSArray+HDKit.m */ = {isa = PBXFileReference; fileEncoding = 4; lastKnownFileType = sourcecode.c.objc; path = "NSArray+HDKit.m"; sourceTree = "<group>"; };
		B9A552541B0D85AC0012551D /* NSDictionary+HDKit.h */ = {isa = PBXFileReference; fileEncoding = 4; lastKnownFileType = sourcecode.c.h; path = "NSDictionary+HDKit.h"; sourceTree = "<group>"; };
		B9A552551B0D85AC0012551D /* NSDictionary+HDKit.m */ = {isa = PBXFileReference; fileEncoding = 4; lastKnownFileType = sourcecode.c.objc; path = "NSDictionary+HDKit.m"; sourceTree = "<group>"; };
		B9A552671B0D87260012551D /* NSMutableDictionary+HDKit.h */ = {isa = PBXFileReference; fileEncoding = 4; lastKnownFileType = sourcecode.c.h; path = "NSMutableDictionary+HDKit.h"; sourceTree = "<group>"; };
		B9A552681B0D87260012551D /* NSMutableDictionary+HDKit.m */ = {isa = PBXFileReference; fileEncoding = 4; lastKnownFileType = sourcecode.c.objc; path = "NSMutableDictionary+HDKit.m"; sourceTree = "<group>"; };
		B9A5526A1B0DDE570012551D /* NSDate+HDKit.h */ = {isa = PBXFileReference; fileEncoding = 4; lastKnownFileType = sourcecode.c.h; path = "NSDate+HDKit.h"; sourceTree = "<group>"; };
		B9A5526B1B0DDE570012551D /* NSDate+HDKit.m */ = {isa = PBXFileReference; fileEncoding = 4; lastKnownFileType = sourcecode.c.objc; path = "NSDate+HDKit.m"; sourceTree = "<group>"; };
		BA1C26221B9FCAE400CC29CC /* UIFont+HDKit.h */ = {isa = PBXFileReference; fileEncoding = 4; lastKnownFileType = sourcecode.c.h; path = "UIFont+HDKit.h"; sourceTree = "<group>"; };
		BA1C26231B9FCAE400CC29CC /* UIFont+HDKit.m */ = {isa = PBXFileReference; fileEncoding = 4; lastKnownFileType = sourcecode.c.objc; path = "UIFont+HDKit.m"; sourceTree = "<group>"; };
		BA1C26251B9FD08F00CC29CC /* UIBezierPath+HDKit.h */ = {isa = PBXFileReference; fileEncoding = 4; lastKnownFileType = sourcecode.c.h; path = "UIBezierPath+HDKit.h"; sourceTree = "<group>"; };
		BA1C26261B9FD08F00CC29CC /* UIBezierPath+HDKit.m */ = {isa = PBXFileReference; fileEncoding = 4; lastKnownFileType = sourcecode.c.objc; path = "UIBezierPath+HDKit.m"; sourceTree = "<group>"; };
		BA1C26411B9FD45800CC29CC /* HDTextDefine.h */ = {isa = PBXFileReference; lastKnownFileType = sourcecode.c.h; name = HDTextDefine.h; path = Utilities/Text/HDTextDefine.h; sourceTree = "<group>"; };
		BA1C26421B9FD4B900CC29CC /* NSMutableAttributedString+HDKit.h */ = {isa = PBXFileReference; fileEncoding = 4; lastKnownFileType = sourcecode.c.h; name = "NSMutableAttributedString+HDKit.h"; path = "Utilities/Text/NSMutableAttributedString+HDKit.h"; sourceTree = "<group>"; };
		BA1C26431B9FD4B900CC29CC /* NSMutableAttributedString+HDKit.m */ = {isa = PBXFileReference; fileEncoding = 4; lastKnownFileType = sourcecode.c.objc; name = "NSMutableAttributedString+HDKit.m"; path = "Utilities/Text/NSMutableAttributedString+HDKit.m"; sourceTree = "<group>"; };
		BA1C264C1B9FD51200CC29CC /* NSParagraphStyle+HDKit.h */ = {isa = PBXFileReference; fileEncoding = 4; lastKnownFileType = sourcecode.c.h; name = "NSParagraphStyle+HDKit.h"; path = "Utilities/Text/NSParagraphStyle+HDKit.h"; sourceTree = "<group>"; };
		BA1C264D1B9FD51200CC29CC /* NSParagraphStyle+HDKit.m */ = {isa = PBXFileReference; fileEncoding = 4; lastKnownFileType = sourcecode.c.objc; name = "NSParagraphStyle+HDKit.m"; path = "Utilities/Text/NSParagraphStyle+HDKit.m"; sourceTree = "<group>"; };
		BA1C26561B9FD54D00CC29CC /* HDTextRunDelegate.h */ = {isa = PBXFileReference; fileEncoding = 4; lastKnownFileType = sourcecode.c.h; name = HDTextRunDelegate.h; path = Utilities/Text/HDTextRunDelegate.h; sourceTree = "<group>"; };
		BA1C26571B9FD54D00CC29CC /* HDTextRunDelegate.m */ = {isa = PBXFileReference; fileEncoding = 4; lastKnownFileType = sourcecode.c.objc; name = HDTextRunDelegate.m; path = Utilities/Text/HDTextRunDelegate.m; sourceTree = "<group>"; };
		BA1C265B1B9FD6F700CC29CC /* HDWeakProxy.h */ = {isa = PBXFileReference; fileEncoding = 4; lastKnownFileType = sourcecode.c.h; name = HDWeakProxy.h; path = Utilities/HDWeakProxy.h; sourceTree = "<group>"; };
		BA1C265C1B9FD6F700CC29CC /* HDWeakProxy.m */ = {isa = PBXFileReference; fileEncoding = 4; lastKnownFileType = sourcecode.c.objc; name = HDWeakProxy.m; path = Utilities/HDWeakProxy.m; sourceTree = "<group>"; };
		BA1C26601B9FD71300CC29CC /* HDKeychain.h */ = {isa = PBXFileReference; fileEncoding = 4; lastKnownFileType = sourcecode.c.h; name = HDKeychain.h; path = Utilities/HDKeychain.h; sourceTree = "<group>"; };
		BA1C26611B9FD71300CC29CC /* HDKeychain.m */ = {isa = PBXFileReference; fileEncoding = 4; lastKnownFileType = sourcecode.c.objc; name = HDKeychain.m; path = Utilities/HDKeychain.m; sourceTree = "<group>"; };
		BA41F23E1B93F3B60070D7F4 /* HDKitDemo.pch */ = {isa = PBXFileReference; lastKnownFileType = sourcecode.c.h; path = HDKitDemo.pch; sourceTree = "<group>"; };
		BA4467671B54AA5600670260 /* NSAttributedString+HDKit.h */ = {isa = PBXFileReference; fileEncoding = 4; lastKnownFileType = sourcecode.c.h; path = "NSAttributedString+HDKit.h"; sourceTree = "<group>"; };
		BA4467681B54AA5600670260 /* NSAttributedString+HDKit.m */ = {isa = PBXFileReference; fileEncoding = 4; lastKnownFileType = sourcecode.c.objc; path = "NSAttributedString+HDKit.m"; sourceTree = "<group>"; };
		BA44676A1B54B2E800670260 /* NSTimer+HDKit.h */ = {isa = PBXFileReference; fileEncoding = 4; lastKnownFileType = sourcecode.c.h; path = "NSTimer+HDKit.h"; sourceTree = "<group>"; };
		BA44676B1B54B2E800670260 /* NSTimer+HDKit.m */ = {isa = PBXFileReference; fileEncoding = 4; lastKnownFileType = sourcecode.c.objc; path = "NSTimer+HDKit.m"; sourceTree = "<group>"; };
		BA44676D1B54B58C00670260 /* UIColor+HDKit.h */ = {isa = PBXFileReference; fileEncoding = 4; lastKnownFileType = sourcecode.c.h; path = "UIColor+HDKit.h"; sourceTree = "<group>"; };
		BA44676E1B54B58C00670260 /* UIColor+HDKit.m */ = {isa = PBXFileReference; fileEncoding = 4; lastKnownFileType = sourcecode.c.objc; path = "UIColor+HDKit.m"; sourceTree = "<group>"; };
		BA5811031B54E3D100B0518E /* UIResponder+HDKit.h */ = {isa = PBXFileReference; fileEncoding = 4; lastKnownFileType = sourcecode.c.h; path = "UIResponder+HDKit.h"; sourceTree = "<group>"; };
		BA5811041B54E3D100B0518E /* UIResponder+HDKit.m */ = {isa = PBXFileReference; fileEncoding = 4; lastKnownFileType = sourcecode.c.objc; path = "UIResponder+HDKit.m"; sourceTree = "<group>"; };
		BA5811061B54E5C400B0518E /* UIScrollView+HDKit.h */ = {isa = PBXFileReference; fileEncoding = 4; lastKnownFileType = sourcecode.c.h; path = "UIScrollView+HDKit.h"; sourceTree = "<group>"; };
		BA5811071B54E5C400B0518E /* UIScrollView+HDKit.m */ = {isa = PBXFileReference; fileEncoding = 4; lastKnownFileType = sourcecode.c.objc; path = "UIScrollView+HDKit.m"; sourceTree = "<group>"; };
		BA5811091B54F4AE00B0518E /* UIViewController+HDKit.h */ = {isa = PBXFileReference; fileEncoding = 4; lastKnownFileType = sourcecode.c.h; path = "UIViewController+HDKit.h"; sourceTree = "<group>"; };
		BA58110A1B54F4AE00B0518E /* UIViewController+HDKit.m */ = {isa = PBXFileReference; fileEncoding = 4; lastKnownFileType = sourcecode.c.objc; path = "UIViewController+HDKit.m"; sourceTree = "<group>"; };
		BAA991641B85BC3000518C8A /* NSError+HDKit.h */ = {isa = PBXFileReference; fileEncoding = 4; lastKnownFileType = sourcecode.c.h; path = "NSError+HDKit.h"; sourceTree = "<group>"; };
		BAA991651B85BC3000518C8A /* NSError+HDKit.m */ = {isa = PBXFileReference; fileEncoding = 4; lastKnownFileType = sourcecode.c.objc; path = "NSError+HDKit.m"; sourceTree = "<group>"; };
		BAAA161F1B997560000231A9 /* HDCache.h */ = {isa = PBXFileReference; fileEncoding = 4; lastKnownFileType = sourcecode.c.h; name = HDCache.h; path = Utilities/HDCache.h; sourceTree = "<group>"; };
		BAAA16201B997560000231A9 /* HDCache.m */ = {isa = PBXFileReference; fileEncoding = 4; lastKnownFileType = sourcecode.c.objc; name = HDCache.m; path = Utilities/HDCache.m; sourceTree = "<group>"; };
		BAAA16241B999943000231A9 /* NSMutableArray+HDKit.h */ = {isa = PBXFileReference; fileEncoding = 4; lastKnownFileType = sourcecode.c.h; path = "NSMutableArray+HDKit.h"; sourceTree = "<group>"; };
		BAAA16251B999943000231A9 /* NSMutableArray+HDKit.m */ = {isa = PBXFileReference; fileEncoding = 4; lastKnownFileType = sourcecode.c.objc; path = "NSMutableArray+HDKit.m"; sourceTree = "<group>"; };
		BAAA16291B999C72000231A9 /* NSNumber+HDKit.h */ = {isa = PBXFileReference; fileEncoding = 4; lastKnownFileType = sourcecode.c.h; path = "NSNumber+HDKit.h"; sourceTree = "<group>"; };
		BAAA162A1B999C72000231A9 /* NSNumber+HDKit.m */ = {isa = PBXFileReference; fileEncoding = 4; lastKnownFileType = sourcecode.c.objc; path = "NSNumber+HDKit.m"; sourceTree = "<group>"; };
		BACF17F81B5F72BE004C029A /* UIDevice+HDKit.h */ = {isa = PBXFileReference; fileEncoding = 4; lastKnownFileType = sourcecode.c.h; path = "UIDevice+HDKit.h"; sourceTree = "<group>"; };
		BACF17F91B5F72BE004C029A /* UIDevice+HDKit.m */ = {isa = PBXFileReference; fileEncoding = 4; lastKnownFileType = sourcecode.c.objc; path = "UIDevice+HDKit.m"; sourceTree = "<group>"; };
		BACF17FB1B5F735E004C029A /* UIScreen+HDKit.h */ = {isa = PBXFileReference; fileEncoding = 4; lastKnownFileType = sourcecode.c.h; path = "UIScreen+HDKit.h"; sourceTree = "<group>"; };
		BACF17FC1B5F735E004C029A /* UIScreen+HDKit.m */ = {isa = PBXFileReference; fileEncoding = 4; lastKnownFileType = sourcecode.c.objc; path = "UIScreen+HDKit.m"; sourceTree = "<group>"; };
		BACF17FE1B5F851F004C029A /* UIButton+HDKit.h */ = {isa = PBXFileReference; fileEncoding = 4; lastKnownFileType = sourcecode.c.h; path = "UIButton+HDKit.h"; sourceTree = "<group>"; };
		BACF17FF1B5F851F004C029A /* UIButton+HDKit.m */ = {isa = PBXFileReference; fileEncoding = 4; lastKnownFileType = sourcecode.c.objc; path = "UIButton+HDKit.m"; sourceTree = "<group>"; };
		BACF18011B5F88A4004C029A /* UIApplication+HDKit.h */ = {isa = PBXFileReference; fileEncoding = 4; lastKnownFileType = sourcecode.c.h; path = "UIApplication+HDKit.h"; sourceTree = "<group>"; };
		BACF18021B5F88A4004C029A /* UIApplication+HDKit.m */ = {isa = PBXFileReference; fileEncoding = 4; lastKnownFileType = sourcecode.c.objc; path = "UIApplication+HDKit.m"; sourceTree = "<group>"; };
		BACF18041B5F8AC3004C029A /* HDGlobalMacros.h */ = {isa = PBXFileReference; lastKnownFileType = sourcecode.c.h; path = HDGlobalMacros.h; sourceTree = "<group>"; };
		BACF18051B5F8AD9004C029A /* HDPathMacros.h */ = {isa = PBXFileReference; lastKnownFileType = sourcecode.c.h; path = HDPathMacros.h; sourceTree = "<group>"; };
		BACF18061B5F8BB1004C029A /* NSBundle+HDKit.h */ = {isa = PBXFileReference; fileEncoding = 4; lastKnownFileType = sourcecode.c.h; path = "NSBundle+HDKit.h"; sourceTree = "<group>"; };
		BACF18071B5F8BB1004C029A /* NSBundle+HDKit.m */ = {isa = PBXFileReference; fileEncoding = 4; lastKnownFileType = sourcecode.c.objc; path = "NSBundle+HDKit.m"; sourceTree = "<group>"; };
		BADE9D6A1B8450230019D53C /* HDKit.framework */ = {isa = PBXFileReference; explicitFileType = wrapper.cfbundle; includeInIndex = 0; path = HDKit.framework; sourceTree = BUILT_PRODUCTS_DIR; };
		BADE9D6D1B8450230019D53C /* Info.plist */ = {isa = PBXFileReference; lastKnownFileType = text.plist.xml; path = Info.plist; sourceTree = "<group>"; };
		BADE9E0E1B847A800019D53C /* HDKitResource.bundle */ = {isa = PBXFileReference; explicitFileType = wrapper.cfbundle; includeInIndex = 0; path = HDKitResource.bundle; sourceTree = BUILT_PRODUCTS_DIR; };
		BAE2A1D51B81D957000E4ED9 /* HDBorderView.h */ = {isa = PBXFileReference; fileEncoding = 4; lastKnownFileType = sourcecode.c.h; path = HDBorderView.h; sourceTree = "<group>"; };
		BAE2A1D61B81D957000E4ED9 /* HDBorderView.m */ = {isa = PBXFileReference; fileEncoding = 4; lastKnownFileType = sourcecode.c.objc; path = HDBorderView.m; sourceTree = "<group>"; };
		BAEF6CA41B71B654008D342E /* NSData+HDKit.h */ = {isa = PBXFileReference; fileEncoding = 4; lastKnownFileType = sourcecode.c.h; path = "NSData+HDKit.h"; sourceTree = "<group>"; };
		BAEF6CA51B71B654008D342E /* NSData+HDKit.m */ = {isa = PBXFileReference; fileEncoding = 4; lastKnownFileType = sourcecode.c.objc; path = "NSData+HDKit.m"; sourceTree = "<group>"; };
		BAF130C91B7050CC006E5AA4 /* CALayer+HDKit.h */ = {isa = PBXFileReference; fileEncoding = 4; lastKnownFileType = sourcecode.c.h; name = "CALayer+HDKit.h"; path = "UIKit/CALayer+HDKit.h"; sourceTree = "<group>"; };
		BAF130CA1B7050CC006E5AA4 /* CALayer+HDKit.m */ = {isa = PBXFileReference; fileEncoding = 4; lastKnownFileType = sourcecode.c.objc; name = "CALayer+HDKit.m"; path = "UIKit/CALayer+HDKit.m"; sourceTree = "<group>"; };
		BAF4C84B1B9E85D90065CAE3 /* libz.dylib */ = {isa = PBXFileReference; lastKnownFileType = "compiled.mach-o.dylib"; name = libz.dylib; path = usr/lib/libz.dylib; sourceTree = SDKROOT; };
		BAF4C84D1B9E885D0065CAE3 /* UIControl+HDKit.h */ = {isa = PBXFileReference; fileEncoding = 4; lastKnownFileType = sourcecode.c.h; path = "UIControl+HDKit.h"; sourceTree = "<group>"; };
		BAF4C84E1B9E885D0065CAE3 /* UIControl+HDKit.m */ = {isa = PBXFileReference; fileEncoding = 4; lastKnownFileType = sourcecode.c.objc; path = "UIControl+HDKit.m"; sourceTree = "<group>"; };
		BAF4C8511B9ED9E80065CAE3 /* UIBarButtonItem+HDKit.h */ = {isa = PBXFileReference; fileEncoding = 4; lastKnownFileType = sourcecode.c.h; path = "UIBarButtonItem+HDKit.h"; sourceTree = "<group>"; };
		BAF4C8521B9ED9E80065CAE3 /* UIBarButtonItem+HDKit.m */ = {isa = PBXFileReference; fileEncoding = 4; lastKnownFileType = sourcecode.c.objc; path = "UIBarButtonItem+HDKit.m"; sourceTree = "<group>"; };
		BAF4C8561B9EDB190065CAE3 /* UIGestureRecognizer+HDKit.h */ = {isa = PBXFileReference; fileEncoding = 4; lastKnownFileType = sourcecode.c.h; path = "UIGestureRecognizer+HDKit.h"; sourceTree = "<group>"; };
		BAF4C8571B9EDB190065CAE3 /* UIGestureRecognizer+HDKit.m */ = {isa = PBXFileReference; fileEncoding = 4; lastKnownFileType = sourcecode.c.objc; path = "UIGestureRecognizer+HDKit.m"; sourceTree = "<group>"; };
		BAF4C85B1B9EDEBC0065CAE3 /* UITextField+HDKit.h */ = {isa = PBXFileReference; fileEncoding = 4; lastKnownFileType = sourcecode.c.h; path = "UITextField+HDKit.h"; sourceTree = "<group>"; };
		BAF4C85C1B9EDEBC0065CAE3 /* UITextField+HDKit.m */ = {isa = PBXFileReference; fileEncoding = 4; lastKnownFileType = sourcecode.c.objc; path = "UITextField+HDKit.m"; sourceTree = "<group>"; };
/* End PBXFileReference section */

/* Begin PBXFrameworksBuildPhase section */
		B95B2E9E1B0C64AE00B1C81E /* Frameworks */ = {
			isa = PBXFrameworksBuildPhase;
			buildActionMask = 2147483647;
			files = (
				BAF4C84C1B9E85D90065CAE3 /* libz.dylib in Frameworks */,
			);
			runOnlyForDeploymentPostprocessing = 0;
		};
		B95B2EB71B0C64AE00B1C81E /* Frameworks */ = {
			isa = PBXFrameworksBuildPhase;
			buildActionMask = 2147483647;
			files = (
			);
			runOnlyForDeploymentPostprocessing = 0;
		};
		BADE9D671B8450230019D53C /* Frameworks */ = {
			isa = PBXFrameworksBuildPhase;
			buildActionMask = 2147483647;
			files = (
			);
			runOnlyForDeploymentPostprocessing = 0;
		};
		BADE9E0B1B847A800019D53C /* Frameworks */ = {
			isa = PBXFrameworksBuildPhase;
			buildActionMask = 2147483647;
			files = (
			);
			runOnlyForDeploymentPostprocessing = 0;
		};
/* End PBXFrameworksBuildPhase section */

/* Begin PBXGroup section */
		B95B2E981B0C64AE00B1C81E = {
			isa = PBXGroup;
			children = (
				B95B2ECA1B0C64CF00B1C81E /* HDKit */,
				B95B2EA31B0C64AE00B1C81E /* HDKitDemo */,
				B95B2EBD1B0C64AE00B1C81E /* HDKitDemoTests */,
				BADE9D6B1B8450230019D53C /* HDKit */,
				BADE9E0F1B847A800019D53C /* HDKitResource */,
				B95B2EA21B0C64AE00B1C81E /* Products */,
			);
			sourceTree = "<group>";
		};
		B95B2EA21B0C64AE00B1C81E /* Products */ = {
			isa = PBXGroup;
			children = (
				B95B2EA11B0C64AE00B1C81E /* HDKitDemo.app */,
				B95B2EBA1B0C64AE00B1C81E /* HDKitDemoTests.xctest */,
				BADE9D6A1B8450230019D53C /* HDKit.framework */,
				BADE9E0E1B847A800019D53C /* HDKitResource.bundle */,
			);
			name = Products;
			sourceTree = "<group>";
		};
		B95B2EA31B0C64AE00B1C81E /* HDKitDemo */ = {
			isa = PBXGroup;
			children = (
				BAF4C84B1B9E85D90065CAE3 /* libz.dylib */,
				B95B2EA81B0C64AE00B1C81E /* AppDelegate.h */,
				B95B2EA91B0C64AE00B1C81E /* AppDelegate.m */,
				B95B2EAB1B0C64AE00B1C81E /* ViewController.h */,
				B95B2EAC1B0C64AE00B1C81E /* ViewController.m */,
				B95B2EAE1B0C64AE00B1C81E /* Main.storyboard */,
				B95B2EB11B0C64AE00B1C81E /* Images.xcassets */,
				B95B2EB31B0C64AE00B1C81E /* LaunchScreen.xib */,
				B95B2EA41B0C64AE00B1C81E /* Supporting Files */,
			);
			path = HDKitDemo;
			sourceTree = "<group>";
		};
		B95B2EA41B0C64AE00B1C81E /* Supporting Files */ = {
			isa = PBXGroup;
			children = (
				B95B2EA51B0C64AE00B1C81E /* Info.plist */,
				B95B2EA61B0C64AE00B1C81E /* main.m */,
				BA41F23E1B93F3B60070D7F4 /* HDKitDemo.pch */,
			);
			name = "Supporting Files";
			sourceTree = "<group>";
		};
		B95B2EBD1B0C64AE00B1C81E /* HDKitDemoTests */ = {
			isa = PBXGroup;
			children = (
				B95B2EC01B0C64AE00B1C81E /* HDKitDemoTests.m */,
				B95B2EBE1B0C64AE00B1C81E /* Supporting Files */,
			);
			path = HDKitDemoTests;
			sourceTree = "<group>";
		};
		B95B2EBE1B0C64AE00B1C81E /* Supporting Files */ = {
			isa = PBXGroup;
			children = (
				B95B2EBF1B0C64AE00B1C81E /* Info.plist */,
			);
			name = "Supporting Files";
			sourceTree = "<group>";
		};
		B95B2ECA1B0C64CF00B1C81E /* HDKit */ = {
			isa = PBXGroup;
			children = (
				B95B2ECB1B0C64CF00B1C81E /* Additions */,
				B95B2ECE1B0C64CF00B1C81E /* HDKit */,
				B95B2ED01B0C64CF00B1C81E /* Languages */,
				B95B2ECF1B0C64CF00B1C81E /* HDKit.h */,
			);
			name = HDKit;
			path = ../HDKit;
			sourceTree = "<group>";
		};
		B95B2ECB1B0C64CF00B1C81E /* Additions */ = {
			isa = PBXGroup;
			children = (
				BA1C262B1B9FD12E00CC29CC /* Quartz */,
				B95B2ECC1B0C64CF00B1C81E /* Foundation */,
				B95B2ECD1B0C64CF00B1C81E /* UIKit */,
			);
			path = Additions;
			sourceTree = "<group>";
		};
		B95B2ECC1B0C64CF00B1C81E /* Foundation */ = {
			isa = PBXGroup;
			children = (
				B95B2ED31B0C701E00B1C81E /* NSString+HDKit.h */,
				B95B2ED41B0C701E00B1C81E /* NSString+HDKit.m */,
				B95B2EDC1B0C87E800B1C81E /* NSObject+HDKit.h */,
				B95B2EDD1B0C87E800B1C81E /* NSObject+HDKit.m */,
				B9A552511B0D83CD0012551D /* NSArray+HDKit.h */,
				B9A552521B0D83CD0012551D /* NSArray+HDKit.m */,
				B9A552541B0D85AC0012551D /* NSDictionary+HDKit.h */,
				B9A552551B0D85AC0012551D /* NSDictionary+HDKit.m */,
				B9A552671B0D87260012551D /* NSMutableDictionary+HDKit.h */,
				B9A552681B0D87260012551D /* NSMutableDictionary+HDKit.m */,
				B9A5526A1B0DDE570012551D /* NSDate+HDKit.h */,
				B9A5526B1B0DDE570012551D /* NSDate+HDKit.m */,
				BA4467671B54AA5600670260 /* NSAttributedString+HDKit.h */,
				BA4467681B54AA5600670260 /* NSAttributedString+HDKit.m */,
				BA44676A1B54B2E800670260 /* NSTimer+HDKit.h */,
				BA44676B1B54B2E800670260 /* NSTimer+HDKit.m */,
				BACF18061B5F8BB1004C029A /* NSBundle+HDKit.h */,
				BACF18071B5F8BB1004C029A /* NSBundle+HDKit.m */,
				BAEF6CA41B71B654008D342E /* NSData+HDKit.h */,
				BAEF6CA51B71B654008D342E /* NSData+HDKit.m */,
				BAA991641B85BC3000518C8A /* NSError+HDKit.h */,
				BAA991651B85BC3000518C8A /* NSError+HDKit.m */,
				BAAA16241B999943000231A9 /* NSMutableArray+HDKit.h */,
				BAAA16251B999943000231A9 /* NSMutableArray+HDKit.m */,
				BAAA16291B999C72000231A9 /* NSNumber+HDKit.h */,
				BAAA162A1B999C72000231A9 /* NSNumber+HDKit.m */,
			);
			path = Foundation;
			sourceTree = "<group>";
		};
		B95B2ECD1B0C64CF00B1C81E /* UIKit */ = {
			isa = PBXGroup;
			children = (
				B95B2ED61B0C7A2F00B1C81E /* UIView+HDKit.h */,
				B95B2ED71B0C7A2F00B1C81E /* UIView+HDKit.m */,
				B95B2ED91B0C7F2E00B1C81E /* UIImage+HDKit.h */,
				B95B2EDA1B0C7F2E00B1C81E /* UIImage+HDKit.m */,
				BA44676D1B54B58C00670260 /* UIColor+HDKit.h */,
				BA44676E1B54B58C00670260 /* UIColor+HDKit.m */,
				BA5811031B54E3D100B0518E /* UIResponder+HDKit.h */,
				BA5811041B54E3D100B0518E /* UIResponder+HDKit.m */,
				BA5811061B54E5C400B0518E /* UIScrollView+HDKit.h */,
				BA5811071B54E5C400B0518E /* UIScrollView+HDKit.m */,
				BA5811091B54F4AE00B0518E /* UIViewController+HDKit.h */,
				BA58110A1B54F4AE00B0518E /* UIViewController+HDKit.m */,
				BACF17F81B5F72BE004C029A /* UIDevice+HDKit.h */,
				BACF17F91B5F72BE004C029A /* UIDevice+HDKit.m */,
				BACF17FB1B5F735E004C029A /* UIScreen+HDKit.h */,
				BACF17FC1B5F735E004C029A /* UIScreen+HDKit.m */,
				BACF17FE1B5F851F004C029A /* UIButton+HDKit.h */,
				BACF17FF1B5F851F004C029A /* UIButton+HDKit.m */,
				BACF18011B5F88A4004C029A /* UIApplication+HDKit.h */,
				BACF18021B5F88A4004C029A /* UIApplication+HDKit.m */,
				BAF4C84D1B9E885D0065CAE3 /* UIControl+HDKit.h */,
				BAF4C84E1B9E885D0065CAE3 /* UIControl+HDKit.m */,
				BAF4C8511B9ED9E80065CAE3 /* UIBarButtonItem+HDKit.h */,
				BAF4C8521B9ED9E80065CAE3 /* UIBarButtonItem+HDKit.m */,
				BAF4C8561B9EDB190065CAE3 /* UIGestureRecognizer+HDKit.h */,
				BAF4C8571B9EDB190065CAE3 /* UIGestureRecognizer+HDKit.m */,
				BAF4C85B1B9EDEBC0065CAE3 /* UITextField+HDKit.h */,
				BAF4C85C1B9EDEBC0065CAE3 /* UITextField+HDKit.m */,
				BA1C26221B9FCAE400CC29CC /* UIFont+HDKit.h */,
				BA1C26231B9FCAE400CC29CC /* UIFont+HDKit.m */,
				BA1C26251B9FD08F00CC29CC /* UIBezierPath+HDKit.h */,
				BA1C26261B9FD08F00CC29CC /* UIBezierPath+HDKit.m */,
			);
			path = UIKit;
			sourceTree = "<group>";
		};
		B95B2ECE1B0C64CF00B1C81E /* HDKit */ = {
			isa = PBXGroup;
			children = (
				BAAA161E1B997527000231A9 /* Utilities */,
				BAE2A1D41B81D957000E4ED9 /* Views */,
				BACF18041B5F8AC3004C029A /* HDGlobalMacros.h */,
				BACF18051B5F8AD9004C029A /* HDPathMacros.h */,
			);
			path = HDKit;
			sourceTree = "<group>";
		};
		B95B2ED01B0C64CF00B1C81E /* Languages */ = {
			isa = PBXGroup;
			children = (
				B95B2ED11B0C6FCE00B1C81E /* HDKit.strings */,
			);
			path = Languages;
			sourceTree = "<group>";
		};
		BA1C262B1B9FD12E00CC29CC /* Quartz */ = {
			isa = PBXGroup;
			children = (
				BAF130C91B7050CC006E5AA4 /* CALayer+HDKit.h */,
				BAF130CA1B7050CC006E5AA4 /* CALayer+HDKit.m */,
			);
			name = Quartz;
			sourceTree = "<group>";
		};
		BA1C262C1B9FD3CA00CC29CC /* Text */ = {
			isa = PBXGroup;
			children = (
				BA1C26411B9FD45800CC29CC /* HDTextDefine.h */,
				BA1C26421B9FD4B900CC29CC /* NSMutableAttributedString+HDKit.h */,
				BA1C26431B9FD4B900CC29CC /* NSMutableAttributedString+HDKit.m */,
				BA1C264C1B9FD51200CC29CC /* NSParagraphStyle+HDKit.h */,
				BA1C264D1B9FD51200CC29CC /* NSParagraphStyle+HDKit.m */,
				BA1C26561B9FD54D00CC29CC /* HDTextRunDelegate.h */,
				BA1C26571B9FD54D00CC29CC /* HDTextRunDelegate.m */,
			);
			name = Text;
			sourceTree = "<group>";
		};
		BAAA161E1B997527000231A9 /* Utilities */ = {
			isa = PBXGroup;
			children = (
				BA1C262C1B9FD3CA00CC29CC /* Text */,
				BAAA161F1B997560000231A9 /* HDCache.h */,
				BAAA16201B997560000231A9 /* HDCache.m */,
				BA1C265B1B9FD6F700CC29CC /* HDWeakProxy.h */,
				BA1C265C1B9FD6F700CC29CC /* HDWeakProxy.m */,
				BA1C26601B9FD71300CC29CC /* HDKeychain.h */,
				BA1C26611B9FD71300CC29CC /* HDKeychain.m */,
			);
			name = Utilities;
			sourceTree = "<group>";
		};
		BADE9D6B1B8450230019D53C /* HDKit */ = {
			isa = PBXGroup;
			children = (
				BADE9D6C1B8450230019D53C /* Supporting Files */,
			);
			path = HDKit;
			sourceTree = "<group>";
		};
		BADE9D6C1B8450230019D53C /* Supporting Files */ = {
			isa = PBXGroup;
			children = (
				BADE9D6D1B8450230019D53C /* Info.plist */,
			);
			name = "Supporting Files";
			sourceTree = "<group>";
		};
		BADE9E0F1B847A800019D53C /* HDKitResource */ = {
			isa = PBXGroup;
			children = (
				BADE9E101B847A800019D53C /* Supporting Files */,
			);
			path = HDKitResource;
			sourceTree = "<group>";
		};
		BADE9E101B847A800019D53C /* Supporting Files */ = {
			isa = PBXGroup;
			children = (
			);
			name = "Supporting Files";
			sourceTree = "<group>";
		};
		BAE2A1D41B81D957000E4ED9 /* Views */ = {
			isa = PBXGroup;
			children = (
				BAE2A1D51B81D957000E4ED9 /* HDBorderView.h */,
				BAE2A1D61B81D957000E4ED9 /* HDBorderView.m */,
			);
			path = Views;
			sourceTree = "<group>";
		};
/* End PBXGroup section */

/* Begin PBXHeadersBuildPhase section */
		BADE9D711B84511A0019D53C /* Headers */ = {
			isa = PBXHeadersBuildPhase;
			buildActionMask = 2147483647;
			files = (
				BADE9D891B8454D80019D53C /* NSString+HDKit.h in Headers */,
				BADE9D8A1B8454DC0019D53C /* NSObject+HDKit.h in Headers */,
				BADE9D8B1B8454DF0019D53C /* NSArray+HDKit.h in Headers */,
				BADE9D8C1B8454E30019D53C /* NSDictionary+HDKit.h in Headers */,
				BADE9D8D1B8454EF0019D53C /* NSMutableDictionary+HDKit.h in Headers */,
				BAF4C8581B9EDB190065CAE3 /* UIGestureRecognizer+HDKit.h in Headers */,
				BADE9D8E1B8454F20019D53C /* NSDate+HDKit.h in Headers */,
				BADE9D8F1B8454FA0019D53C /* NSAttributedString+HDKit.h in Headers */,
				BADE9D901B8455030019D53C /* NSTimer+HDKit.h in Headers */,
				BADE9D911B8455070019D53C /* NSBundle+HDKit.h in Headers */,
				BADE9D921B84550A0019D53C /* NSData+HDKit.h in Headers */,
				BADE9D931B84550F0019D53C /* CALayer+HDKit.h in Headers */,
				BAAA162B1B999C72000231A9 /* NSNumber+HDKit.h in Headers */,
				BADE9D941B8455120019D53C /* UIView+HDKit.h in Headers */,
				BA1C26581B9FD54D00CC29CC /* HDTextRunDelegate.h in Headers */,
				BAAA16261B999943000231A9 /* NSMutableArray+HDKit.h in Headers */,
				BA1C264E1B9FD51200CC29CC /* NSParagraphStyle+HDKit.h in Headers */,
				BAF4C85D1B9EDEBC0065CAE3 /* UITextField+HDKit.h in Headers */,
				BADE9D951B8455150019D53C /* UIImage+HDKit.h in Headers */,
				BADE9D961B8455170019D53C /* UIColor+HDKit.h in Headers */,
				BADE9D971B84551B0019D53C /* UIResponder+HDKit.h in Headers */,
				BADE9D981B84551E0019D53C /* UIScrollView+HDKit.h in Headers */,
				BADE9D991B8455240019D53C /* UIViewController+HDKit.h in Headers */,
				BA1C26271B9FD08F00CC29CC /* UIBezierPath+HDKit.h in Headers */,
				BADE9D9A1B84552B0019D53C /* UIDevice+HDKit.h in Headers */,
				BA1C26441B9FD4B900CC29CC /* NSMutableAttributedString+HDKit.h in Headers */,
				BADE9D9B1B84552E0019D53C /* UIScreen+HDKit.h in Headers */,
				BAAA16211B997560000231A9 /* HDCache.h in Headers */,
				BADE9D9C1B8455350019D53C /* UIButton+HDKit.h in Headers */,
				BA1C265D1B9FD6F700CC29CC /* HDWeakProxy.h in Headers */,
				BAF4C8531B9ED9E80065CAE3 /* UIBarButtonItem+HDKit.h in Headers */,
				BADE9D9D1B8455390019D53C /* UIApplication+HDKit.h in Headers */,
				BADE9D9E1B8455420019D53C /* HDBorderView.h in Headers */,
				BA1C26621B9FD71300CC29CC /* HDKeychain.h in Headers */,
				BADE9D9F1B8455460019D53C /* HDGlobalMacros.h in Headers */,
				BADE9DA01B8455500019D53C /* HDPathMacros.h in Headers */,
				BADE9DA11B8455530019D53C /* HDKit.h in Headers */,
			);
			runOnlyForDeploymentPostprocessing = 0;
		};
/* End PBXHeadersBuildPhase section */

/* Begin PBXNativeTarget section */
		B95B2EA01B0C64AE00B1C81E /* HDKitDemo */ = {
			isa = PBXNativeTarget;
			buildConfigurationList = B95B2EC41B0C64AE00B1C81E /* Build configuration list for PBXNativeTarget "HDKitDemo" */;
			buildPhases = (
				B95B2E9D1B0C64AE00B1C81E /* Sources */,
				B95B2E9E1B0C64AE00B1C81E /* Frameworks */,
				B95B2E9F1B0C64AE00B1C81E /* Resources */,
			);
			buildRules = (
			);
			dependencies = (
			);
			name = HDKitDemo;
			productName = HDKitDemo;
			productReference = B95B2EA11B0C64AE00B1C81E /* HDKitDemo.app */;
			productType = "com.apple.product-type.application";
		};
		B95B2EB91B0C64AE00B1C81E /* HDKitDemoTests */ = {
			isa = PBXNativeTarget;
			buildConfigurationList = B95B2EC71B0C64AE00B1C81E /* Build configuration list for PBXNativeTarget "HDKitDemoTests" */;
			buildPhases = (
				B95B2EB61B0C64AE00B1C81E /* Sources */,
				B95B2EB71B0C64AE00B1C81E /* Frameworks */,
				B95B2EB81B0C64AE00B1C81E /* Resources */,
			);
			buildRules = (
			);
			dependencies = (
				B95B2EBC1B0C64AE00B1C81E /* PBXTargetDependency */,
			);
			name = HDKitDemoTests;
			productName = HDKitDemoTests;
			productReference = B95B2EBA1B0C64AE00B1C81E /* HDKitDemoTests.xctest */;
			productType = "com.apple.product-type.bundle.unit-test";
		};
		BADE9D691B8450230019D53C /* HDKit */ = {
			isa = PBXNativeTarget;
			buildConfigurationList = BADE9D701B8450230019D53C /* Build configuration list for PBXNativeTarget "HDKit" */;
			buildPhases = (
				BADE9D661B8450230019D53C /* Sources */,
				BADE9D671B8450230019D53C /* Frameworks */,
				BADE9D681B8450230019D53C /* Resources */,
				BADE9D711B84511A0019D53C /* Headers */,
			);
			buildRules = (
			);
			dependencies = (
			);
			name = HDKit;
			productName = HDKit;
			productReference = BADE9D6A1B8450230019D53C /* HDKit.framework */;
			productType = "com.apple.product-type.bundle";
		};
		BADE9E0D1B847A800019D53C /* HDKitResource */ = {
			isa = PBXNativeTarget;
			buildConfigurationList = BADE9E121B847A800019D53C /* Build configuration list for PBXNativeTarget "HDKitResource" */;
			buildPhases = (
				BADE9E0A1B847A800019D53C /* Sources */,
				BADE9E0B1B847A800019D53C /* Frameworks */,
				BADE9E0C1B847A800019D53C /* Resources */,
			);
			buildRules = (
			);
			dependencies = (
			);
			name = HDKitResource;
			productName = HDKitResource;
			productReference = BADE9E0E1B847A800019D53C /* HDKitResource.bundle */;
			productType = "com.apple.product-type.bundle";
		};
/* End PBXNativeTarget section */

/* Begin PBXProject section */
		B95B2E991B0C64AE00B1C81E /* Project object */ = {
			isa = PBXProject;
			attributes = {
				LastUpgradeCheck = 0630;
				ORGANIZATIONNAME = harvey;
				TargetAttributes = {
					B95B2EA01B0C64AE00B1C81E = {
						CreatedOnToolsVersion = 6.3.1;
					};
					B95B2EB91B0C64AE00B1C81E = {
						CreatedOnToolsVersion = 6.3.1;
						TestTargetID = B95B2EA01B0C64AE00B1C81E;
					};
					BADE9D691B8450230019D53C = {
						CreatedOnToolsVersion = 6.4;
					};
					BADE9E0D1B847A800019D53C = {
						CreatedOnToolsVersion = 6.4;
					};
					BADE9E181B847C8D0019D53C = {
						CreatedOnToolsVersion = 6.4;
					};
				};
			};
			buildConfigurationList = B95B2E9C1B0C64AE00B1C81E /* Build configuration list for PBXProject "HDKitDemo" */;
			compatibilityVersion = "Xcode 3.2";
			developmentRegion = English;
			hasScannedForEncodings = 0;
			knownRegions = (
				en,
				Base,
			);
			mainGroup = B95B2E981B0C64AE00B1C81E;
			productRefGroup = B95B2EA21B0C64AE00B1C81E /* Products */;
			projectDirPath = "";
			projectRoot = "";
			targets = (
				B95B2EA01B0C64AE00B1C81E /* HDKitDemo */,
				B95B2EB91B0C64AE00B1C81E /* HDKitDemoTests */,
				BADE9D691B8450230019D53C /* HDKit */,
				BADE9E0D1B847A800019D53C /* HDKitResource */,
				BADE9E181B847C8D0019D53C /* UniversaliOSFramework */,
			);
		};
/* End PBXProject section */

/* Begin PBXResourcesBuildPhase section */
		B95B2E9F1B0C64AE00B1C81E /* Resources */ = {
			isa = PBXResourcesBuildPhase;
			buildActionMask = 2147483647;
			files = (
				B95B2EB01B0C64AE00B1C81E /* Main.storyboard in Resources */,
				B95B2ED21B0C6FCE00B1C81E /* HDKit.strings in Resources */,
				B95B2EB51B0C64AE00B1C81E /* LaunchScreen.xib in Resources */,
				B95B2EB21B0C64AE00B1C81E /* Images.xcassets in Resources */,
			);
			runOnlyForDeploymentPostprocessing = 0;
		};
		B95B2EB81B0C64AE00B1C81E /* Resources */ = {
			isa = PBXResourcesBuildPhase;
			buildActionMask = 2147483647;
			files = (
			);
			runOnlyForDeploymentPostprocessing = 0;
		};
		BADE9D681B8450230019D53C /* Resources */ = {
			isa = PBXResourcesBuildPhase;
			buildActionMask = 2147483647;
			files = (
				BADE9DF31B846B320019D53C /* Images.xcassets in Resources */,
			);
			runOnlyForDeploymentPostprocessing = 0;
		};
		BADE9E0C1B847A800019D53C /* Resources */ = {
			isa = PBXResourcesBuildPhase;
			buildActionMask = 2147483647;
			files = (
			);
			runOnlyForDeploymentPostprocessing = 0;
		};
/* End PBXResourcesBuildPhase section */

/* Begin PBXShellScriptBuildPhase section */
		BADE9E1C1B847CAA0019D53C /* ShellScript */ = {
			isa = PBXShellScriptBuildPhase;
			buildActionMask = 2147483647;
			files = (
			);
			inputPaths = (
			);
			outputPaths = (
			);
			runOnlyForDeploymentPostprocessing = 0;
			shellPath = /bin/sh;
			shellScript = "#       ============Script Start==============\nif [ \"${ACTION}\" = \"build\" ]\nthen\n# Set the target folders and the final framework product.\nINSTALL_DIR=${SYMROOT}/HDKit.framework\nDEVICE_DIR=${SYMROOT}/Release-iphoneos\nSIMULATOR_DIR=${SYMROOT}/Release-iphonesimulator\n\n# Create and renews the final product folder.\nmkdir -p \"${INSTALL_DIR}\"\nrm -rf \"${INSTALL_DIR}\"\nrm -rf \"${INSTALL_DIR}/HDKit\"\n\n# Copy the header files to the final product folder.\nditto \"${DEVICE_DIR}/HDKit.framework/Headers\" \"${INSTALL_DIR}/Headers\"\n\n# Use the Lipo Tool to merge both binary files (i386 + armv6/armv7) into one Universal final product.\nlipo -create \"${DEVICE_DIR}/HDKit.framework/HDKit\" \"${SIMULATOR_DIR}/HDKit.framework/HDKit\" -output \"${INSTALL_DIR}/HDKit\"\nfi\n#       ============Script End==============";
		};
/* End PBXShellScriptBuildPhase section */

/* Begin PBXSourcesBuildPhase section */
		B95B2E9D1B0C64AE00B1C81E /* Sources */ = {
			isa = PBXSourcesBuildPhase;
			buildActionMask = 2147483647;
			files = (
				BA1C26451B9FD4B900CC29CC /* NSMutableAttributedString+HDKit.m in Sources */,
				BA44676F1B54B58C00670260 /* UIColor+HDKit.m in Sources */,
				BA4467691B54AA5600670260 /* NSAttributedString+HDKit.m in Sources */,
				B9A552691B0D87260012551D /* NSMutableDictionary+HDKit.m in Sources */,
				BACF17FD1B5F735E004C029A /* UIScreen+HDKit.m in Sources */,
				BAA991661B85BC3000518C8A /* NSError+HDKit.m in Sources */,
				BA1C26241B9FCAE400CC29CC /* UIFont+HDKit.m in Sources */,
				BACF18001B5F851F004C029A /* UIButton+HDKit.m in Sources */,
				BAAA16271B999943000231A9 /* NSMutableArray+HDKit.m in Sources */,
				B95B2EAD1B0C64AE00B1C81E /* ViewController.m in Sources */,
				BACF17FA1B5F72BE004C029A /* UIDevice+HDKit.m in Sources */,
				BA1C264F1B9FD51200CC29CC /* NSParagraphStyle+HDKit.m in Sources */,
				BAF4C85E1B9EDEBC0065CAE3 /* UITextField+HDKit.m in Sources */,
				B9A552531B0D83CD0012551D /* NSArray+HDKit.m in Sources */,
				BAF4C8591B9EDB190065CAE3 /* UIGestureRecognizer+HDKit.m in Sources */,
				B95B2EDE1B0C87E800B1C81E /* NSObject+HDKit.m in Sources */,
				BA58110B1B54F4AE00B0518E /* UIViewController+HDKit.m in Sources */,
				BAF4C84F1B9E885D0065CAE3 /* UIControl+HDKit.m in Sources */,
				BA5811081B54E5C400B0518E /* UIScrollView+HDKit.m in Sources */,
				BAEF6CA61B71B654008D342E /* NSData+HDKit.m in Sources */,
				BAAA16221B997560000231A9 /* HDCache.m in Sources */,
				BAAA162C1B999C72000231A9 /* NSNumber+HDKit.m in Sources */,
				B95B2EAA1B0C64AE00B1C81E /* AppDelegate.m in Sources */,
				BAF130CB1B7050CC006E5AA4 /* CALayer+HDKit.m in Sources */,
				BA44676C1B54B2E800670260 /* NSTimer+HDKit.m in Sources */,
				B9A552561B0D85AC0012551D /* NSDictionary+HDKit.m in Sources */,
				B95B2ED51B0C701E00B1C81E /* NSString+HDKit.m in Sources */,
				B95B2ED81B0C7A2F00B1C81E /* UIView+HDKit.m in Sources */,
				B95B2EDB1B0C7F2E00B1C81E /* UIImage+HDKit.m in Sources */,
				BAF4C8541B9ED9E80065CAE3 /* UIBarButtonItem+HDKit.m in Sources */,
				BA5811051B54E3D100B0518E /* UIResponder+HDKit.m in Sources */,
				BAE2A1D71B81D957000E4ED9 /* HDBorderView.m in Sources */,
				B95B2EA71B0C64AE00B1C81E /* main.m in Sources */,
				BACF18081B5F8BB1004C029A /* NSBundle+HDKit.m in Sources */,
				BACF18031B5F88A4004C029A /* UIApplication+HDKit.m in Sources */,
				BA1C26591B9FD54D00CC29CC /* HDTextRunDelegate.m in Sources */,
				BA1C26281B9FD08F00CC29CC /* UIBezierPath+HDKit.m in Sources */,
				B9A5526C1B0DDE570012551D /* NSDate+HDKit.m in Sources */,
				BA1C265E1B9FD6F700CC29CC /* HDWeakProxy.m in Sources */,
				BA1C26631B9FD71300CC29CC /* HDKeychain.m in Sources */,
			);
			runOnlyForDeploymentPostprocessing = 0;
		};
		B95B2EB61B0C64AE00B1C81E /* Sources */ = {
			isa = PBXSourcesBuildPhase;
			buildActionMask = 2147483647;
			files = (
				B95B2EC11B0C64AE00B1C81E /* HDKitDemoTests.m in Sources */,
			);
			runOnlyForDeploymentPostprocessing = 0;
		};
		BADE9D661B8450230019D53C /* Sources */ = {
			isa = PBXSourcesBuildPhase;
			buildActionMask = 2147483647;
			files = (
				BADE9D721B8453E10019D53C /* NSString+HDKit.m in Sources */,
				BADE9D731B8453E10019D53C /* NSObject+HDKit.m in Sources */,
				BADE9D741B8453E10019D53C /* NSArray+HDKit.m in Sources */,
				BA1C26641B9FD71300CC29CC /* HDKeychain.m in Sources */,
				BAF4C8551B9ED9E80065CAE3 /* UIBarButtonItem+HDKit.m in Sources */,
				BA1C26461B9FD4B900CC29CC /* NSMutableAttributedString+HDKit.m in Sources */,
				BAF4C85F1B9EDEBC0065CAE3 /* UITextField+HDKit.m in Sources */,
				BA1C262A1B9FD09600CC29CC /* UIFont+HDKit.m in Sources */,
				BADE9D751B8453E10019D53C /* NSDictionary+HDKit.m in Sources */,
				BADE9D761B8453E20019D53C /* NSMutableDictionary+HDKit.m in Sources */,
				BA1C265F1B9FD6F700CC29CC /* HDWeakProxy.m in Sources */,
				BADE9D771B8453E20019D53C /* NSDate+HDKit.m in Sources */,
				BA1C26291B9FD08F00CC29CC /* UIBezierPath+HDKit.m in Sources */,
				BADE9D781B8453E20019D53C /* NSAttributedString+HDKit.m in Sources */,
				BADE9D791B8453E20019D53C /* NSTimer+HDKit.m in Sources */,
				BADE9D7A1B8453E20019D53C /* NSBundle+HDKit.m in Sources */,
				BA1C26501B9FD51200CC29CC /* NSParagraphStyle+HDKit.m in Sources */,
				BADE9D7B1B8453E20019D53C /* NSData+HDKit.m in Sources */,
				BAAA16281B999943000231A9 /* NSMutableArray+HDKit.m in Sources */,
				BAAA162D1B999C72000231A9 /* NSNumber+HDKit.m in Sources */,
				BADE9D7C1B8453E20019D53C /* CALayer+HDKit.m in Sources */,
				BAF4C85A1B9EDB190065CAE3 /* UIGestureRecognizer+HDKit.m in Sources */,
				BADE9D7D1B8453E20019D53C /* UIView+HDKit.m in Sources */,
				BAAA16231B997560000231A9 /* HDCache.m in Sources */,
				BADE9D7E1B8453E20019D53C /* UIImage+HDKit.m in Sources */,
				BADE9D7F1B8453E20019D53C /* UIColor+HDKit.m in Sources */,
				BADE9D801B8453E20019D53C /* UIResponder+HDKit.m in Sources */,
				BADE9D811B8453E20019D53C /* UIScrollView+HDKit.m in Sources */,
				BADE9D821B8453E20019D53C /* UIViewController+HDKit.m in Sources */,
				BA1C265A1B9FD54D00CC29CC /* HDTextRunDelegate.m in Sources */,
				BADE9D831B8453E20019D53C /* UIDevice+HDKit.m in Sources */,
				BADE9D841B8453E20019D53C /* UIScreen+HDKit.m in Sources */,
				BAF4C8501B9E886D0065CAE3 /* UIControl+HDKit.m in Sources */,
				BADE9D851B8453E20019D53C /* UIButton+HDKit.m in Sources */,
				BADE9D861B8453E20019D53C /* UIApplication+HDKit.m in Sources */,
				BADE9D871B8453E20019D53C /* HDBorderView.m in Sources */,
			);
			runOnlyForDeploymentPostprocessing = 0;
		};
		BADE9E0A1B847A800019D53C /* Sources */ = {
			isa = PBXSourcesBuildPhase;
			buildActionMask = 2147483647;
			files = (
			);
			runOnlyForDeploymentPostprocessing = 0;
		};
/* End PBXSourcesBuildPhase section */

/* Begin PBXTargetDependency section */
		B95B2EBC1B0C64AE00B1C81E /* PBXTargetDependency */ = {
			isa = PBXTargetDependency;
			target = B95B2EA01B0C64AE00B1C81E /* HDKitDemo */;
			targetProxy = B95B2EBB1B0C64AE00B1C81E /* PBXContainerItemProxy */;
		};
/* End PBXTargetDependency section */

/* Begin PBXVariantGroup section */
		B95B2EAE1B0C64AE00B1C81E /* Main.storyboard */ = {
			isa = PBXVariantGroup;
			children = (
				B95B2EAF1B0C64AE00B1C81E /* Base */,
			);
			name = Main.storyboard;
			sourceTree = "<group>";
		};
		B95B2EB31B0C64AE00B1C81E /* LaunchScreen.xib */ = {
			isa = PBXVariantGroup;
			children = (
				B95B2EB41B0C64AE00B1C81E /* Base */,
			);
			name = LaunchScreen.xib;
			sourceTree = "<group>";
		};
/* End PBXVariantGroup section */

/* Begin XCBuildConfiguration section */
		B95B2EC21B0C64AE00B1C81E /* Debug */ = {
			isa = XCBuildConfiguration;
			buildSettings = {
				ALWAYS_SEARCH_USER_PATHS = NO;
				CLANG_CXX_LANGUAGE_STANDARD = "gnu++0x";
				CLANG_CXX_LIBRARY = "libc++";
				CLANG_ENABLE_MODULES = YES;
				CLANG_ENABLE_OBJC_ARC = YES;
				CLANG_WARN_BOOL_CONVERSION = YES;
				CLANG_WARN_CONSTANT_CONVERSION = YES;
				CLANG_WARN_DIRECT_OBJC_ISA_USAGE = YES_ERROR;
				CLANG_WARN_EMPTY_BODY = YES;
				CLANG_WARN_ENUM_CONVERSION = YES;
				CLANG_WARN_INT_CONVERSION = YES;
				CLANG_WARN_OBJC_ROOT_CLASS = YES_ERROR;
				CLANG_WARN_UNREACHABLE_CODE = YES;
				CLANG_WARN__DUPLICATE_METHOD_MATCH = YES;
				"CODE_SIGN_IDENTITY[sdk=iphoneos*]" = "iPhone Developer";
				COPY_PHASE_STRIP = NO;
				DEBUG_INFORMATION_FORMAT = "dwarf-with-dsym";
				ENABLE_STRICT_OBJC_MSGSEND = YES;
				GCC_C_LANGUAGE_STANDARD = gnu99;
				GCC_DYNAMIC_NO_PIC = NO;
				GCC_NO_COMMON_BLOCKS = YES;
				GCC_OPTIMIZATION_LEVEL = 0;
				GCC_PREPROCESSOR_DEFINITIONS = (
					"DEBUG=1",
					"$(inherited)",
				);
				GCC_SYMBOLS_PRIVATE_EXTERN = NO;
				GCC_WARN_64_TO_32_BIT_CONVERSION = YES;
				GCC_WARN_ABOUT_RETURN_TYPE = YES_ERROR;
				GCC_WARN_UNDECLARED_SELECTOR = YES;
				GCC_WARN_UNINITIALIZED_AUTOS = YES_AGGRESSIVE;
				GCC_WARN_UNUSED_FUNCTION = YES;
				GCC_WARN_UNUSED_VARIABLE = YES;
				IPHONEOS_DEPLOYMENT_TARGET = 8.3;
				MTL_ENABLE_DEBUG_INFO = YES;
				ONLY_ACTIVE_ARCH = YES;
				SDKROOT = iphoneos;
			};
			name = Debug;
		};
		B95B2EC31B0C64AE00B1C81E /* Release */ = {
			isa = XCBuildConfiguration;
			buildSettings = {
				ALWAYS_SEARCH_USER_PATHS = NO;
				CLANG_CXX_LANGUAGE_STANDARD = "gnu++0x";
				CLANG_CXX_LIBRARY = "libc++";
				CLANG_ENABLE_MODULES = YES;
				CLANG_ENABLE_OBJC_ARC = YES;
				CLANG_WARN_BOOL_CONVERSION = YES;
				CLANG_WARN_CONSTANT_CONVERSION = YES;
				CLANG_WARN_DIRECT_OBJC_ISA_USAGE = YES_ERROR;
				CLANG_WARN_EMPTY_BODY = YES;
				CLANG_WARN_ENUM_CONVERSION = YES;
				CLANG_WARN_INT_CONVERSION = YES;
				CLANG_WARN_OBJC_ROOT_CLASS = YES_ERROR;
				CLANG_WARN_UNREACHABLE_CODE = YES;
				CLANG_WARN__DUPLICATE_METHOD_MATCH = YES;
				"CODE_SIGN_IDENTITY[sdk=iphoneos*]" = "iPhone Developer";
				COPY_PHASE_STRIP = NO;
				DEBUG_INFORMATION_FORMAT = "dwarf-with-dsym";
				ENABLE_NS_ASSERTIONS = NO;
				ENABLE_STRICT_OBJC_MSGSEND = YES;
				GCC_C_LANGUAGE_STANDARD = gnu99;
				GCC_NO_COMMON_BLOCKS = YES;
				GCC_WARN_64_TO_32_BIT_CONVERSION = YES;
				GCC_WARN_ABOUT_RETURN_TYPE = YES_ERROR;
				GCC_WARN_UNDECLARED_SELECTOR = YES;
				GCC_WARN_UNINITIALIZED_AUTOS = YES_AGGRESSIVE;
				GCC_WARN_UNUSED_FUNCTION = YES;
				GCC_WARN_UNUSED_VARIABLE = YES;
				IPHONEOS_DEPLOYMENT_TARGET = 8.3;
				MTL_ENABLE_DEBUG_INFO = NO;
				SDKROOT = iphoneos;
				VALIDATE_PRODUCT = YES;
			};
			name = Release;
		};
		B95B2EC51B0C64AE00B1C81E /* Debug */ = {
			isa = XCBuildConfiguration;
			buildSettings = {
				ASSETCATALOG_COMPILER_APPICON_NAME = AppIcon;
				GCC_PREFIX_HEADER = HDKitDemo/HDKitDemo.pch;
				INFOPLIST_FILE = HDKitDemo/Info.plist;
				LD_RUNPATH_SEARCH_PATHS = "$(inherited) @executable_path/Frameworks";
				PRODUCT_NAME = "$(TARGET_NAME)";
			};
			name = Debug;
		};
		B95B2EC61B0C64AE00B1C81E /* Release */ = {
			isa = XCBuildConfiguration;
			buildSettings = {
				ASSETCATALOG_COMPILER_APPICON_NAME = AppIcon;
				GCC_PREFIX_HEADER = HDKitDemo/HDKitDemo.pch;
				INFOPLIST_FILE = HDKitDemo/Info.plist;
				LD_RUNPATH_SEARCH_PATHS = "$(inherited) @executable_path/Frameworks";
				PRODUCT_NAME = "$(TARGET_NAME)";
			};
			name = Release;
		};
		B95B2EC81B0C64AE00B1C81E /* Debug */ = {
			isa = XCBuildConfiguration;
			buildSettings = {
				BUNDLE_LOADER = "$(TEST_HOST)";
				FRAMEWORK_SEARCH_PATHS = (
					"$(SDKROOT)/Developer/Library/Frameworks",
					"$(inherited)",
				);
				GCC_PREPROCESSOR_DEFINITIONS = (
					"DEBUG=1",
					"$(inherited)",
				);
				INFOPLIST_FILE = HDKitDemoTests/Info.plist;
				LD_RUNPATH_SEARCH_PATHS = "$(inherited) @executable_path/Frameworks @loader_path/Frameworks";
				PRODUCT_NAME = "$(TARGET_NAME)";
				TEST_HOST = "$(BUILT_PRODUCTS_DIR)/HDKitDemo.app/HDKitDemo";
			};
			name = Debug;
		};
		B95B2EC91B0C64AE00B1C81E /* Release */ = {
			isa = XCBuildConfiguration;
			buildSettings = {
				BUNDLE_LOADER = "$(TEST_HOST)";
				FRAMEWORK_SEARCH_PATHS = (
					"$(SDKROOT)/Developer/Library/Frameworks",
					"$(inherited)",
				);
				INFOPLIST_FILE = HDKitDemoTests/Info.plist;
				LD_RUNPATH_SEARCH_PATHS = "$(inherited) @executable_path/Frameworks @loader_path/Frameworks";
				PRODUCT_NAME = "$(TARGET_NAME)";
				TEST_HOST = "$(BUILT_PRODUCTS_DIR)/HDKitDemo.app/HDKitDemo";
			};
			name = Release;
		};
		BADE9D6E1B8450230019D53C /* Debug */ = {
			isa = XCBuildConfiguration;
			buildSettings = {
				COMBINE_HIDPI_IMAGES = YES;
				DEAD_CODE_STRIPPING = NO;
				DEBUG_INFORMATION_FORMAT = dwarf;
				GCC_GENERATE_DEBUGGING_SYMBOLS = NO;
				GCC_PREPROCESSOR_DEFINITIONS = (
					"DEBUG=1",
					"$(inherited)",
				);
				INFOPLIST_FILE = "";
				INSTALL_PATH = "$(LOCAL_LIBRARY_DIR)/Bundles";
				IPHONEOS_DEPLOYMENT_TARGET = 7.0;
				LINK_WITH_STANDARD_LIBRARIES = NO;
				MACH_O_TYPE = mh_object;
				MACOSX_DEPLOYMENT_TARGET = "";
				ONLY_ACTIVE_ARCH = NO;
				PRODUCT_NAME = "$(TARGET_NAME)";
				SDKROOT = iphoneos;
				SKIP_INSTALL = YES;
				TARGETED_DEVICE_FAMILY = "1,2";
				WRAPPER_EXTENSION = framework;
			};
			name = Debug;
		};
		BADE9D6F1B8450230019D53C /* Release */ = {
			isa = XCBuildConfiguration;
			buildSettings = {
				COMBINE_HIDPI_IMAGES = YES;
				DEAD_CODE_STRIPPING = NO;
				GCC_GENERATE_DEBUGGING_SYMBOLS = NO;
				INFOPLIST_FILE = "";
				INSTALL_PATH = "$(LOCAL_LIBRARY_DIR)/Bundles";
				IPHONEOS_DEPLOYMENT_TARGET = 7.0;
				LINK_WITH_STANDARD_LIBRARIES = NO;
				MACH_O_TYPE = mh_object;
				MACOSX_DEPLOYMENT_TARGET = "";
				PRODUCT_NAME = "$(TARGET_NAME)";
				SDKROOT = iphoneos;
				SKIP_INSTALL = YES;
				TARGETED_DEVICE_FAMILY = "1,2";
				WRAPPER_EXTENSION = framework;
			};
			name = Release;
		};
		BADE9E131B847A800019D53C /* Debug */ = {
			isa = XCBuildConfiguration;
			buildSettings = {
				COMBINE_HIDPI_IMAGES = YES;
				DEBUG_INFORMATION_FORMAT = dwarf;
				GCC_PREPROCESSOR_DEFINITIONS = (
					"DEBUG=1",
					"$(inherited)",
				);
				INFOPLIST_FILE = "";
				INSTALL_PATH = "$(LOCAL_LIBRARY_DIR)/Bundles";
				MACOSX_DEPLOYMENT_TARGET = 10.10;
				PRODUCT_NAME = "$(TARGET_NAME)";
				SDKROOT = iphoneos;
				SKIP_INSTALL = YES;
				WRAPPER_EXTENSION = bundle;
			};
			name = Debug;
		};
		BADE9E141B847A800019D53C /* Release */ = {
			isa = XCBuildConfiguration;
			buildSettings = {
				COMBINE_HIDPI_IMAGES = YES;
				INFOPLIST_FILE = "";
				INSTALL_PATH = "$(LOCAL_LIBRARY_DIR)/Bundles";
				MACOSX_DEPLOYMENT_TARGET = 10.10;
				PRODUCT_NAME = "$(TARGET_NAME)";
				SDKROOT = iphoneos;
				SKIP_INSTALL = YES;
				WRAPPER_EXTENSION = bundle;
			};
			name = Release;
		};
		BADE9E1A1B847C8D0019D53C /* Debug */ = {
			isa = XCBuildConfiguration;
			buildSettings = {
				PRODUCT_NAME = "$(TARGET_NAME)";
			};
			name = Debug;
		};
		BADE9E1B1B847C8D0019D53C /* Release */ = {
			isa = XCBuildConfiguration;
			buildSettings = {
				PRODUCT_NAME = "$(TARGET_NAME)";
			};
			name = Release;
		};
/* End XCBuildConfiguration section */

/* Begin XCConfigurationList section */
		B95B2E9C1B0C64AE00B1C81E /* Build configuration list for PBXProject "HDKitDemo" */ = {
			isa = XCConfigurationList;
			buildConfigurations = (
				B95B2EC21B0C64AE00B1C81E /* Debug */,
				B95B2EC31B0C64AE00B1C81E /* Release */,
			);
			defaultConfigurationIsVisible = 0;
			defaultConfigurationName = Release;
		};
		B95B2EC41B0C64AE00B1C81E /* Build configuration list for PBXNativeTarget "HDKitDemo" */ = {
			isa = XCConfigurationList;
			buildConfigurations = (
				B95B2EC51B0C64AE00B1C81E /* Debug */,
				B95B2EC61B0C64AE00B1C81E /* Release */,
			);
			defaultConfigurationIsVisible = 0;
			defaultConfigurationName = Release;
		};
		B95B2EC71B0C64AE00B1C81E /* Build configuration list for PBXNativeTarget "HDKitDemoTests" */ = {
			isa = XCConfigurationList;
			buildConfigurations = (
				B95B2EC81B0C64AE00B1C81E /* Debug */,
				B95B2EC91B0C64AE00B1C81E /* Release */,
			);
			defaultConfigurationIsVisible = 0;
			defaultConfigurationName = Release;
		};
		BADE9D701B8450230019D53C /* Build configuration list for PBXNativeTarget "HDKit" */ = {
			isa = XCConfigurationList;
			buildConfigurations = (
				BADE9D6E1B8450230019D53C /* Debug */,
				BADE9D6F1B8450230019D53C /* Release */,
			);
			defaultConfigurationIsVisible = 0;
			defaultConfigurationName = Release;
		};
		BADE9E121B847A800019D53C /* Build configuration list for PBXNativeTarget "HDKitResource" */ = {
			isa = XCConfigurationList;
			buildConfigurations = (
				BADE9E131B847A800019D53C /* Debug */,
				BADE9E141B847A800019D53C /* Release */,
			);
			defaultConfigurationIsVisible = 0;
			defaultConfigurationName = Release;
		};
		BADE9E191B847C8D0019D53C /* Build configuration list for PBXAggregateTarget "UniversaliOSFramework" */ = {
			isa = XCConfigurationList;
			buildConfigurations = (
				BADE9E1A1B847C8D0019D53C /* Debug */,
				BADE9E1B1B847C8D0019D53C /* Release */,
			);
			defaultConfigurationIsVisible = 0;
			defaultConfigurationName = Release;
		};
/* End XCConfigurationList section */
	};
	rootObject = B95B2E991B0C64AE00B1C81E /* Project object */;
}
